{
  "object": {
    "pins": [
      {
        "package": "Commandant",
        "repositoryURL": "https://github.com/Carthage/Commandant.git",
        "state": {
          "branch": null,
          "revision": "ab68611013dec67413628ac87c1f29e8427bc8e4",
          "version": "0.17.0"
        }
      },
      {
        "package": "Mustache",
        "repositoryURL": "https://github.com/johnfairh/GRMustache.swift.git",
        "state": {
          "branch": null,
          "revision": "d4dd2d940079d285d2739c9605c83ea75a1ee719",
          "version": "14.0.2"
        }
      },
      {
        "package": "libcmark_gfm",
        "repositoryURL": "https://github.com/KristopherGBaker/libcmark_gfm.git",
        "state": {
          "branch": null,
          "revision": "9e4a9a58b5ef145b1dc08c57fb0428dd950132e6",
          "version": "0.29.3"
        }
      },
      {
        "package": "Maaku",
        "repositoryURL": "https://github.com/johnfairh/Maaku.git",
        "state": {
          "branch": null,
          "revision": "943f023d00801e58b28245851628aa5fc05b7d99",
          "version": "10.9.6"
        }
      },
      {
        "package": "Nimble",
        "repositoryURL": "https://github.com/Quick/Nimble.git",
        "state": {
          "branch": null,
          "revision": "7a46a5fc86cb917f69e3daf79fcb045283d8f008",
          "version": "8.1.2"
        }
      },
      {
        "package": "Quick",
        "repositoryURL": "https://github.com/Quick/Quick.git",
        "state": {
          "branch": null,
          "revision": "09b3becb37cb2163919a3842a4c5fa6ec7130792",
          "version": "2.2.1"
        }
      },
      {
        "package": "SortedArray",
        "repositoryURL": "https://github.com/ole/SortedArray.git",
        "state": {
          "branch": null,
          "revision": "a521f750fccb0743ad082b7cb890a62e132c4fbf",
          "version": "0.7.0"
        }
      },
      {
        "package": "SourceKitten",
        "repositoryURL": "https://github.com/jpsim/SourceKitten.git",
        "state": {
          "branch": null,
          "revision": "c0f960f72fa1e6151695074ffa696e4da6c45ce8",
          "version": "0.30.1"
        }
      },
      {
        "package": "SQLite.swift",
        "repositoryURL": "https://github.com/stephencelis/SQLite.swift.git",
        "state": {
          "branch": null,
          "revision": "0a9893ec030501a3956bee572d6b4fdd3ae158a1",
          "version": "0.12.2"
        }
      },
      {
        "package": "swift-argument-parser",
        "repositoryURL": "https://github.com/apple/swift-argument-parser.git",
        "state": {
          "branch": null,
          "revision": "986d191f94cec88f6350056da59c2e59e83d1229",
          "version": "0.4.3"
        }
      },
      {
        "package": "swift-format",
        "repositoryURL": "https://github.com/apple/swift-format",
        "state": {
          "branch": null,
          "revision": "9c15831b798d767c9af0927a931de5d557004936",
          "version": "0.50400.0"
        }
      },
      {
        "package": "SwiftSyntax",
        "repositoryURL": "https://github.com/apple/swift-syntax.git",
        "state": {
          "branch": null,
          "revision": "2fff9fc25cdc059379b6bd309377cfab45d8520c",
          "version": "0.50400.0"
        }
      },
      {
        "package": "SWXMLHash",
        "repositoryURL": "https://github.com/drmohundro/SWXMLHash.git",
        "state": {
          "branch": null,
          "revision": "9183170d20857753d4f331b0ca63f73c60764bf3",
          "version": "5.0.2"
        }
      },
      {
        "package": "Yams",
        "repositoryURL": "https://github.com/jpsim/Yams.git",
        "state": {
          "branch": null,
          "revision": "9ff1cc9327586db4e0c8f46f064b6a82ec1566fa",
          "version": "4.0.6"
        }
      }
    ]
  },
  "version": 1
}
