{
  "pins" : [
    {
      "identity" : "grmustache.swift",
      "kind" : "remoteSourceControl",
      "location" : "https://github.com/johnfairh/GRMustache.swift.git",
      "state" : {
        "revision" : "d4dd2d940079d285d2739c9605c83ea75a1ee719",
        "version" : "14.0.2"
      }
    },
    {
      "identity" : "libcmark_gfm",
      "kind" : "remoteSourceControl",
      "location" : "https://github.com/KristopherGBaker/libcmark_gfm.git",
      "state" : {
        "revision" : "9e4a9a58b5ef145b1dc08c57fb0428dd950132e6",
        "version" : "0.29.3"
      }
    },
    {
      "identity" : "maaku",
      "kind" : "remoteSourceControl",
      "location" : "https://github.com/johnfairh/Maaku.git",
      "state" : {
        "revision" : "943f023d00801e58b28245851628aa5fc05b7d99",
        "version" : "10.9.6"
      }
    },
    {
      "identity" : "sortedarray",
      "kind" : "remoteSourceControl",
      "location" : "https://github.com/ole/SortedArray.git",
      "state" : {
        "revision" : "a521f750fccb0743ad082b7cb890a62e132c4fbf",
        "version" : "0.7.0"
      }
    },
    {
      "identity" : "sourcekitten",
      "kind" : "remoteSourceControl",
      "location" : "https://github.com/jpsim/SourceKitten",
      "state" : {
        "revision" : "817dfa6f2e09b0476f3a6c9dbc035991f02f0241",
        "version" : "0.32.0"
      }
    },
    {
      "identity" : "sqlite.swift",
      "kind" : "remoteSourceControl",
      "location" : "https://github.com/stephencelis/SQLite.swift.git",
      "state" : {
        "revision" : "0a9893ec030501a3956bee572d6b4fdd3ae158a1",
        "version" : "0.12.2"
      }
    },
    {
      "identity" : "swift-argument-parser",
      "kind" : "remoteSourceControl",
      "location" : "https://github.com/apple/swift-argument-parser.git",
      "state" : {
        "revision" : "f3c9084a71ef4376f2fabbdf1d3d90a49f1fabdb",
        "version" : "1.1.2"
      }
    },
    {
      "identity" : "swift-format",
      "kind" : "remoteSourceControl",
      "location" : "https://github.com/apple/swift-format",
      "state" : {
        "revision" : "c06258081a3f8703f55ff6e9647b32cf3144e247",
        "version" : "0.50600.0"
      }
    },
    {
      "identity" : "swift-syntax",
      "kind" : "remoteSourceControl",
      "location" : "https://github.com/apple/swift-syntax.git",
      "state" : {
        "revision" : "0b6c22b97f8e9320bca62e82cdbee601cf37ad3f",
        "version" : "0.50600.1"
      }
    },
    {
      "identity" : "swift-system",
      "kind" : "remoteSourceControl",
      "location" : "https://github.com/apple/swift-system.git",
      "state" : {
        "revision" : "836bc4557b74fe6d2660218d56e3ce96aff76574",
        "version" : "1.1.1"
      }
    },
    {
      "identity" : "swift-tools-support-core",
      "kind" : "remoteSourceControl",
      "location" : "https://github.com/apple/swift-tools-support-core.git",
      "state" : {
        "revision" : "b7667f3e266af621e5cc9c77e74cacd8e8c00cb4",
        "version" : "0.2.5"
      }
    },
    {
      "identity" : "swxmlhash",
      "kind" : "remoteSourceControl",
      "location" : "https://github.com/drmohundro/SWXMLHash.git",
      "state" : {
        "revision" : "6469881a3f30417c5bb02404ea4b69207f297592",
        "version" : "6.0.0"
      }
    },
    {
      "identity" : "yams",
      "kind" : "remoteSourceControl",
      "location" : "https://github.com/jpsim/Yams.git",
      "state" : {
        "revision" : "9ff1cc9327586db4e0c8f46f064b6a82ec1566fa",
        "version" : "4.0.6"
      }
    }
  ],
  "version" : 2
}
