{
  "originHash" : "a68f502c2c845f7a62d132da54d6e44eae8223df98222bef7ff12bb3feae3f8a",
  "pins" : [
    {
      "identity" : "grmustache.swift",
      "kind" : "remoteSourceControl",
      "location" : "https://github.com/johnfairh/GRMustache.swift.git",
      "state" : {
        "revision" : "e5174d3c310a3ae67770bbd2fc9545b329a5fecb",
        "version" : "14.0.3"
      }
    },
    {
      "identity" : "maaku",
      "kind" : "remoteSourceControl",
      "location" : "https://github.com/johnfairh/Maaku.git",
      "state" : {
        "branch" : "master",
        "revision" : "d1119351b24d037683b17fc65df072e97b154eaa"
      }
    },
    {
      "identity" : "sortedarray",
      "kind" : "remoteSourceControl",
      "location" : "https://github.com/ole/SortedArray.git",
      "state" : {
        "revision" : "a521f750fccb0743ad082b7cb890a62e132c4fbf",
        "version" : "0.7.0"
      }
    },
    {
      "identity" : "sourcekitten",
      "kind" : "remoteSourceControl",
      "location" : "https://github.com/jpsim/SourceKitten.git",
      "state" : {
        "branch" : "main",
        "revision" : "d6abc1f2565b77daed8180871c81bc0be5a49753"
      }
    },
    {
      "identity" : "sqlite.swift",
      "kind" : "remoteSourceControl",
      "location" : "https://github.com/stephencelis/SQLite.swift.git",
      "state" : {
        "revision" : "0a9893ec030501a3956bee572d6b4fdd3ae158a1",
        "version" : "0.12.2"
      }
    },
    {
      "identity" : "swift-argument-parser",
      "kind" : "remoteSourceControl",
      "location" : "https://github.com/apple/swift-argument-parser.git",
      "state" : {
        "revision" : "8f4d2753f0e4778c76d5f05ad16c74f707390531",
        "version" : "1.2.3"
      }
    },
    {
      "identity" : "swift-cmark",
      "kind" : "remoteSourceControl",
      "location" : "https://github.com/apple/swift-cmark.git",
      "state" : {
        "branch" : "gfm",
        "revision" : "2c47322cb32cbed555f13bf5cbfaa488cc30a785"
      }
    },
    {
      "identity" : "swift-format",
      "kind" : "remoteSourceControl",
      "location" : "https://github.com/apple/swift-format",
      "state" : {
        "revision" : "7996ac678197d293f6c088a1e74bb778b4e10139",
        "version" : "510.1.0"
      }
    },
    {
      "identity" : "swift-markdown",
      "kind" : "remoteSourceControl",
      "location" : "https://github.com/apple/swift-markdown.git",
      "state" : {
        "revision" : "e4f95e2dc23097a1a9a1dfdfe3fe3ee44de77378",
        "version" : "0.3.0"
      }
    },
    {
      "identity" : "swift-syntax",
      "kind" : "remoteSourceControl",
      "location" : "https://github.com/apple/swift-syntax.git",
      "state" : {
        "revision" : "fa8f95c2d536d6620cc2f504ebe8a6167c9fc2dd",
        "version" : "510.0.1"
      }
    },
    {
      "identity" : "swxmlhash",
      "kind" : "remoteSourceControl",
      "location" : "https://github.com/drmohundro/SWXMLHash.git",
      "state" : {
        "revision" : "a853604c9e9a83ad9954c7e3d2a565273982471f",
        "version" : "7.0.2"
      }
    },
    {
      "identity" : "yams",
      "kind" : "remoteSourceControl",
      "location" : "https://github.com/jpsim/Yams.git",
      "state" : {
        "revision" : "8a835d918245ca22f36663dd3862138805d7f707",
        "version" : "5.1.0"
      }
    }
  ],
  "version" : 3
}
