// !$*UTF8*$!
{
	archiveVersion = 1;
	classes = {
	};
	objectVersion = 52;
	objects = {

/* Begin PBXBuildFile section */
		0225D990242D1B75005FF4A2 /* DefLocation.swift in Sources */ = {isa = PBXBuildFile; fileRef = 0225D98F242D1B75005FF4A2 /* DefLocation.swift */; };
		0225D992242D1BA8005FF4A2 /* DefDeclNote.swift in Sources */ = {isa = PBXBuildFile; fileRef = 0225D991242D1BA8005FF4A2 /* DefDeclNote.swift */; };
		0225D994242D1BE8005FF4A2 /* DefLanguage.swift in Sources */ = {isa = PBXBuildFile; fileRef = 0225D993242D1BE8005FF4A2 /* DefLanguage.swift */; };
		022818B823D1C2E00016B0D5 /* Options.swift in Sources */ = {isa = PBXBuildFile; fileRef = 022818B723D1C2E00016B0D5 /* Options.swift */; };
		022818BF23D238F30016B0D5 /* Errors.swift in Sources */ = {isa = PBXBuildFile; fileRef = 022818BE23D238F30016B0D5 /* Errors.swift */; };
		022818C223D23E050016B0D5 /* TestOptions.swift in Sources */ = {isa = PBXBuildFile; fileRef = 022818C023D23DFE0016B0D5 /* TestOptions.swift */; };
		022818C523D33C2B0016B0D5 /* Regex.swift in Sources */ = {isa = PBXBuildFile; fileRef = 022818C423D33C2B0016B0D5 /* Regex.swift */; };
		022818C723D342D50016B0D5 /* TestRegex.swift in Sources */ = {isa = PBXBuildFile; fileRef = 022818C623D342D50016B0D5 /* TestRegex.swift */; };
		022818CA23D38A0A0016B0D5 /* PrefixMatcher.swift in Sources */ = {isa = PBXBuildFile; fileRef = 022818C823D38A040016B0D5 /* PrefixMatcher.swift */; };
		022818CC23D39B270016B0D5 /* TestPrefixMatcher.swift in Sources */ = {isa = PBXBuildFile; fileRef = 022818CB23D39B270016B0D5 /* TestPrefixMatcher.swift */; };
		022818CE23D4E89D0016B0D5 /* TestHelpers.swift in Sources */ = {isa = PBXBuildFile; fileRef = 022818CD23D4E89D0016B0D5 /* TestHelpers.swift */; };
		022818D123D4F2AE0016B0D5 /* Glob.swift in Sources */ = {isa = PBXBuildFile; fileRef = 022818CF23D4EB0E0016B0D5 /* Glob.swift */; };
		022818D323D4F7CB0016B0D5 /* TestGlob.swift in Sources */ = {isa = PBXBuildFile; fileRef = 022818D223D4F7CB0016B0D5 /* TestGlob.swift */; };
		022BD9B624310B6000FC34D4 /* FormatLinkRewriter.swift in Sources */ = {isa = PBXBuildFile; fileRef = 022BD9B524310B6000FC34D4 /* FormatLinkRewriter.swift */; };
		022BD9B724311CC400FC34D4 /* Maaku.framework in CopyFiles */ = {isa = PBXBuildFile; fileRef = 02CFFA4723E8460400FDE5B9 /* Maaku.framework */; settings = {ATTRIBUTES = (CodeSignOnCopy, RemoveHeadersOnCopy, ); }; };
		022BD9B92431F56400FC34D4 /* GatherJobImport.swift in Sources */ = {isa = PBXBuildFile; fileRef = 022BD9B82431F56400FC34D4 /* GatherJobImport.swift */; };
		022BD9BC2431FAD800FC34D4 /* TestGatherImport.swift in Sources */ = {isa = PBXBuildFile; fileRef = 022BD9BA2431FACD00FC34D4 /* TestGatherImport.swift */; };
		022BE7B22434AEFD005146D1 /* GenSearch.swift in Sources */ = {isa = PBXBuildFile; fileRef = 022BE7B12434AEFD005146D1 /* GenSearch.swift */; };
		0233D51D23EED547004DCD89 /* GroupItem.swift in Sources */ = {isa = PBXBuildFile; fileRef = 0233D51C23EED547004DCD89 /* GroupItem.swift */; };
		0233D52423EF0CC3004DCD89 /* Identifiers.swift in Sources */ = {isa = PBXBuildFile; fileRef = 0233D52323EF0CC3004DCD89 /* Identifiers.swift */; };
		0233D52623EF11F6004DCD89 /* TestIdentifiers.swift in Sources */ = {isa = PBXBuildFile; fileRef = 0233D52523EF11F6004DCD89 /* TestIdentifiers.swift */; };
		0233D52923EF1582004DCD89 /* Format.swift in Sources */ = {isa = PBXBuildFile; fileRef = 0233D52823EF1582004DCD89 /* Format.swift */; };
		0233D52B23EF1598004DCD89 /* ItemVisitorProtocol.swift in Sources */ = {isa = PBXBuildFile; fileRef = 0233D52A23EF1598004DCD89 /* ItemVisitorProtocol.swift */; };
		0233D52D23EF2997004DCD89 /* FormatURL.swift in Sources */ = {isa = PBXBuildFile; fileRef = 0233D52C23EF2997004DCD89 /* FormatURL.swift */; };
		0233D52F23EF2CCD004DCD89 /* ItemKind.swift in Sources */ = {isa = PBXBuildFile; fileRef = 0233D52E23EF2CCD004DCD89 /* ItemKind.swift */; };
		0233D53123EF4047004DCD89 /* TestGroup.swift in Sources */ = {isa = PBXBuildFile; fileRef = 0233D53023EF4047004DCD89 /* TestGroup.swift */; };
		0233D53323EF43A7004DCD89 /* TestFormat.swift in Sources */ = {isa = PBXBuildFile; fileRef = 0233D53223EF43A7004DCD89 /* TestFormat.swift */; };
		0233D53523F067EE004DCD89 /* GenPages.swift in Sources */ = {isa = PBXBuildFile; fileRef = 0233D53423F067EE004DCD89 /* GenPages.swift */; };
		0233D53723F07B1A004DCD89 /* GenData.swift in Sources */ = {isa = PBXBuildFile; fileRef = 0233D53623F07B1A004DCD89 /* GenData.swift */; };
		0233D53923F07E6E004DCD89 /* JSON.swift in Sources */ = {isa = PBXBuildFile; fileRef = 0233D53823F07E6E004DCD89 /* JSON.swift */; };
		0233D53B23F09E0D004DCD89 /* GenMustache.swift in Sources */ = {isa = PBXBuildFile; fileRef = 0233D53A23F09E0D004DCD89 /* GenMustache.swift */; };
		0233D53D23F30851004DCD89 /* GuideItem.swift in Sources */ = {isa = PBXBuildFile; fileRef = 0233D53C23F30851004DCD89 /* GuideItem.swift */; };
		0233D53F23F30EDB004DCD89 /* GroupGuides.swift in Sources */ = {isa = PBXBuildFile; fileRef = 0233D53E23F30EDB004DCD89 /* GroupGuides.swift */; };
		0233D54123F344F3004DCD89 /* Localized.swift in Sources */ = {isa = PBXBuildFile; fileRef = 0233D54023F344F3004DCD89 /* Localized.swift */; };
		0233D54323F42682004DCD89 /* Topic.swift in Sources */ = {isa = PBXBuildFile; fileRef = 0233D54223F42682004DCD89 /* Topic.swift */; };
		0233D54523F432A3004DCD89 /* RichText.swift in Sources */ = {isa = PBXBuildFile; fileRef = 0233D54423F432A3004DCD89 /* RichText.swift */; };
		0233D54723F5ED95004DCD89 /* TestProducts.swift in Sources */ = {isa = PBXBuildFile; fileRef = 0233D54623F5ED95004DCD89 /* TestProducts.swift */; };
		0233D54923F6F2ED004DCD89 /* FormatMarkdown.swift in Sources */ = {isa = PBXBuildFile; fileRef = 0233D54823F6F2ED004DCD89 /* FormatMarkdown.swift */; };
		0233D54B23F70CA6004DCD89 /* GenCopyright.swift in Sources */ = {isa = PBXBuildFile; fileRef = 0233D54A23F70CA6004DCD89 /* GenCopyright.swift */; };
		0233D54D23F9B255004DCD89 /* TestGatherObjC.swift in Sources */ = {isa = PBXBuildFile; fileRef = 0233D54C23F9B255004DCD89 /* TestGatherObjC.swift */; };
		0257280023DB50270001F510 /* Localizable.strings in Resources */ = {isa = PBXBuildFile; fileRef = 025727FE23DB50270001F510 /* Localizable.strings */; };
		0257280523DB503C0001F510 /* Localizable.strings in Resources */ = {isa = PBXBuildFile; fileRef = 0257280223DB503C0001F510 /* Localizable.strings */; };
		0257280723DB50B40001F510 /* Resources.swift in Sources */ = {isa = PBXBuildFile; fileRef = 0257280623DB50B40001F510 /* Resources.swift */; };
		0257280C23DB540C0001F510 /* J2Resources.bundle in Embed PlugIns */ = {isa = PBXBuildFile; fileRef = 029A718423DB04F300D66069 /* J2Resources.bundle */; settings = {ATTRIBUTES = (CodeSignOnCopy, RemoveHeadersOnCopy, ); }; };
		0257281123DB7E5E0001F510 /* TestPipeline.swift in Sources */ = {isa = PBXBuildFile; fileRef = 0257281023DB7E5E0001F510 /* TestPipeline.swift */; };
		0257281423DC78820001F510 /* Help.strings in Resources */ = {isa = PBXBuildFile; fileRef = 0257281223DC78820001F510 /* Help.strings */; };
		0259E18B24111099006435A1 /* GatherJobOpts.swift in Sources */ = {isa = PBXBuildFile; fileRef = 0259E18A24111099006435A1 /* GatherJobOpts.swift */; };
		0259E18D2413C0A7006435A1 /* GatherJobSwift.swift in Sources */ = {isa = PBXBuildFile; fileRef = 0259E18C2413C0A7006435A1 /* GatherJobSwift.swift */; };
		0259E18F2413C12A006435A1 /* GatherJobObjC.swift in Sources */ = {isa = PBXBuildFile; fileRef = 0259E18E2413C12A006435A1 /* GatherJobObjC.swift */; };
		0259E1912414F5A5006435A1 /* Stats.swift in Sources */ = {isa = PBXBuildFile; fileRef = 0259E1902414F5A5006435A1 /* Stats.swift */; };
		0259E1932416444F006435A1 /* TestStats.swift in Sources */ = {isa = PBXBuildFile; fileRef = 0259E1922416444F006435A1 /* TestStats.swift */; };
		0259E1952416686D006435A1 /* DefAcl.swift in Sources */ = {isa = PBXBuildFile; fileRef = 0259E1942416686D006435A1 /* DefAcl.swift */; };
		0259E1982416A693006435A1 /* TestAcl.swift in Sources */ = {isa = PBXBuildFile; fileRef = 0259E1962416A674006435A1 /* TestAcl.swift */; };
		0259E19A241A5902006435A1 /* FormatAutolink.swift in Sources */ = {isa = PBXBuildFile; fileRef = 0259E199241A5902006435A1 /* FormatAutolink.swift */; };
		0259E19C241D74CD006435A1 /* FormatAbstracts.swift in Sources */ = {isa = PBXBuildFile; fileRef = 0259E19B241D74CD006435A1 /* FormatAbstracts.swift */; };
		028321D723FB1F4F00B2C555 /* GatherObjCDecl.swift in Sources */ = {isa = PBXBuildFile; fileRef = 028321D623FB1F4F00B2C555 /* GatherObjCDecl.swift */; };
		028321F92403F40200B2C555 /* Exec.swift in Sources */ = {isa = PBXBuildFile; fileRef = 028321F82403F40200B2C555 /* Exec.swift */; };
		029A6F1923D77F7C00D66069 /* Config.swift in Sources */ = {isa = PBXBuildFile; fileRef = 029A6F1823D77F7C00D66069 /* Config.swift */; };
		029A6F1B23D7838700D66069 /* Pipeline.swift in Sources */ = {isa = PBXBuildFile; fileRef = 029A6F1A23D7838700D66069 /* Pipeline.swift */; };
		029A6F1D23D79AB000D66069 /* Version.swift in Sources */ = {isa = PBXBuildFile; fileRef = 029A6F1C23D79AB000D66069 /* Version.swift */; };
		029A6F1F23D880F700D66069 /* Logger.swift in Sources */ = {isa = PBXBuildFile; fileRef = 029A6F1E23D880F700D66069 /* Logger.swift */; };
		029A717923D9A46300D66069 /* TestLogger.swift in Sources */ = {isa = PBXBuildFile; fileRef = 029A717823D9A46300D66069 /* TestLogger.swift */; };
		029A717B23D9B2AC00D66069 /* TestConfig.swift in Sources */ = {isa = PBXBuildFile; fileRef = 029A717A23D9B2AC00D66069 /* TestConfig.swift */; };
		029A717F23D9F91200D66069 /* FileManager.swift in Sources */ = {isa = PBXBuildFile; fileRef = 029A717E23D9F91200D66069 /* FileManager.swift */; };
		02C2401C239A6F0700518764 /* J2Lib.framework in Frameworks */ = {isa = PBXBuildFile; fileRef = 02C24012239A6F0700518764 /* J2Lib.framework */; };
		02CFF91723DDFB0100FDE5B9 /* SourceKittenFramework.framework in Frameworks */ = {isa = PBXBuildFile; fileRef = 02CFF90A23DDF9DF00FDE5B9 /* SourceKittenFramework.framework */; };
		02CFF91823DDFB0100FDE5B9 /* SourceKittenFramework.framework in Embed Frameworks */ = {isa = PBXBuildFile; fileRef = 02CFF90A23DDF9DF00FDE5B9 /* SourceKittenFramework.framework */; settings = {ATTRIBUTES = (CodeSignOnCopy, RemoveHeadersOnCopy, ); }; };
		02CFF91A23DDFB0500FDE5B9 /* SWXMLHash.framework in Frameworks */ = {isa = PBXBuildFile; fileRef = 02CFF90E23DDF9E400FDE5B9 /* SWXMLHash.framework */; };
		02CFF91B23DDFB0500FDE5B9 /* SWXMLHash.framework in Embed Frameworks */ = {isa = PBXBuildFile; fileRef = 02CFF90E23DDF9E400FDE5B9 /* SWXMLHash.framework */; settings = {ATTRIBUTES = (CodeSignOnCopy, RemoveHeadersOnCopy, ); }; };
		02CFF91C23DDFB0600FDE5B9 /* Yams.framework in Frameworks */ = {isa = PBXBuildFile; fileRef = 022818D623D61E740016B0D5 /* Yams.framework */; };
		02CFF91D23DDFB0600FDE5B9 /* Yams.framework in Embed Frameworks */ = {isa = PBXBuildFile; fileRef = 022818D623D61E740016B0D5 /* Yams.framework */; settings = {ATTRIBUTES = (CodeSignOnCopy, RemoveHeadersOnCopy, ); }; };
		02CFF91E23DDFB7200FDE5B9 /* J2Lib.framework in Frameworks */ = {isa = PBXBuildFile; fileRef = 02C24012239A6F0700518764 /* J2Lib.framework */; };
		02CFF91F23DDFB7200FDE5B9 /* J2Lib.framework in Embed Frameworks */ = {isa = PBXBuildFile; fileRef = 02C24012239A6F0700518764 /* J2Lib.framework */; settings = {ATTRIBUTES = (CodeSignOnCopy, RemoveHeadersOnCopy, ); }; };
		02CFF92323DDFE3000FDE5B9 /* Gather.swift in Sources */ = {isa = PBXBuildFile; fileRef = 02CFF92223DDFE3000FDE5B9 /* Gather.swift */; };
		02CFF92523DDFFC900FDE5B9 /* GatherDef.swift in Sources */ = {isa = PBXBuildFile; fileRef = 02CFF92423DDFFC900FDE5B9 /* GatherDef.swift */; };
		02CFF92723DE009900FDE5B9 /* GatherOpts.swift in Sources */ = {isa = PBXBuildFile; fileRef = 02CFF92623DE009900FDE5B9 /* GatherOpts.swift */; };
		02CFF92923DE044200FDE5B9 /* GatherJob.swift in Sources */ = {isa = PBXBuildFile; fileRef = 02CFF92823DE044200FDE5B9 /* GatherJob.swift */; };
		02CFF92B23DEF49400FDE5B9 /* GatherJSON.swift in Sources */ = {isa = PBXBuildFile; fileRef = 02CFF92A23DEF49400FDE5B9 /* GatherJSON.swift */; };
		02CFF96424237E4400320610 /* GroupTopics.swift in Sources */ = {isa = PBXBuildFile; fileRef = 02CFF96324237E4400320610 /* GroupTopics.swift */; };
		02CFF9662423820A00320610 /* DefTopic.swift in Sources */ = {isa = PBXBuildFile; fileRef = 02CFF9652423820A00320610 /* DefTopic.swift */; };
		02CFF9682424CD4900320610 /* SortedArray.framework in Frameworks */ = {isa = PBXBuildFile; fileRef = 02CFF9672424CD4900320610 /* SortedArray.framework */; };
		02CFF9692424CD4900320610 /* SortedArray.framework in Embed Frameworks */ = {isa = PBXBuildFile; fileRef = 02CFF9672424CD4900320610 /* SortedArray.framework */; settings = {ATTRIBUTES = (CodeSignOnCopy, RemoveHeadersOnCopy, ); }; };
		02CFF96B2427879400320610 /* GroupCustom.swift in Sources */ = {isa = PBXBuildFile; fileRef = 02CFF96A2427879400320610 /* GroupCustom.swift */; };
		02CFF9F923DF158700FDE5B9 /* TestGather.swift in Sources */ = {isa = PBXBuildFile; fileRef = 02CFF9F823DF158700FDE5B9 /* TestGather.swift */; };
		02CFF9FE23E0A9D100FDE5B9 /* TestResources.swift in Sources */ = {isa = PBXBuildFile; fileRef = 02CFF9FD23E0A9D100FDE5B9 /* TestResources.swift */; };
		02CFFA0123E0B95F00FDE5B9 /* Merge.swift in Sources */ = {isa = PBXBuildFile; fileRef = 02CFFA0023E0B95F00FDE5B9 /* Merge.swift */; };
		02CFFA0423E0BA2900FDE5B9 /* Item.swift in Sources */ = {isa = PBXBuildFile; fileRef = 02CFFA0323E0BA2900FDE5B9 /* Item.swift */; };
		02CFFA0623E0BD8B00FDE5B9 /* DefItemJSON.swift in Sources */ = {isa = PBXBuildFile; fileRef = 02CFFA0523E0BD8B00FDE5B9 /* DefItemJSON.swift */; };
		02CFFA0923E0C8AC00FDE5B9 /* GenSite.swift in Sources */ = {isa = PBXBuildFile; fileRef = 02CFFA0823E0C8AC00FDE5B9 /* GenSite.swift */; };
		02CFFA0D23E1973300FDE5B9 /* Mustache.framework in Frameworks */ = {isa = PBXBuildFile; fileRef = 02CFFA0C23E1973300FDE5B9 /* Mustache.framework */; };
		02CFFA0E23E1973300FDE5B9 /* Mustache.framework in Embed Frameworks */ = {isa = PBXBuildFile; fileRef = 02CFFA0C23E1973300FDE5B9 /* Mustache.framework */; settings = {ATTRIBUTES = (CodeSignOnCopy, RemoveHeadersOnCopy, ); }; };
		02CFFA1023E1E9A700FDE5B9 /* GenThemes.swift in Sources */ = {isa = PBXBuildFile; fileRef = 02CFFA0F23E1E9A700FDE5B9 /* GenThemes.swift */; };
		02CFFA1D23E20AB400FDE5B9 /* themes in Resources */ = {isa = PBXBuildFile; fileRef = 02CFFA1C23E20AB400FDE5B9 /* themes */; };
		02CFFA1F23E20E7500FDE5B9 /* TestMerge.swift in Sources */ = {isa = PBXBuildFile; fileRef = 02CFFA1E23E20E7500FDE5B9 /* TestMerge.swift */; };
		02CFFA2223E215F300FDE5B9 /* SourceKittenFramework.framework in CopyFiles */ = {isa = PBXBuildFile; fileRef = 02CFF90A23DDF9DF00FDE5B9 /* SourceKittenFramework.framework */; settings = {ATTRIBUTES = (CodeSignOnCopy, RemoveHeadersOnCopy, ); }; };
		02CFFA2323E215FF00FDE5B9 /* Yams.framework in CopyFiles */ = {isa = PBXBuildFile; fileRef = 022818D623D61E740016B0D5 /* Yams.framework */; settings = {ATTRIBUTES = (CodeSignOnCopy, RemoveHeadersOnCopy, ); }; };
		02CFFA2523E2244C00FDE5B9 /* TestTheme.swift in Sources */ = {isa = PBXBuildFile; fileRef = 02CFFA2423E2244C00FDE5B9 /* TestTheme.swift */; };
		02CFFA2623E30B3A00FDE5B9 /* Mustache.framework in CopyFiles */ = {isa = PBXBuildFile; fileRef = 02CFFA0C23E1973300FDE5B9 /* Mustache.framework */; settings = {ATTRIBUTES = (CodeSignOnCopy, RemoveHeadersOnCopy, ); }; };
		02CFFA2A23E30F9E00FDE5B9 /* TestGen.swift in Sources */ = {isa = PBXBuildFile; fileRef = 02CFFA2923E30F9E00FDE5B9 /* TestGen.swift */; };
		02CFFA2C23E45F4F00FDE5B9 /* GatherSwiftDecl.swift in Sources */ = {isa = PBXBuildFile; fileRef = 02CFFA2B23E45F4F00FDE5B9 /* GatherSwiftDecl.swift */; };
		02CFFA2E23E4702700FDE5B9 /* TestGatherDecl.swift in Sources */ = {isa = PBXBuildFile; fileRef = 02CFFA2D23E4702700FDE5B9 /* TestGatherDecl.swift */; };
		02CFFA3823E4B1EE00FDE5B9 /* SwiftSyntax.framework in Frameworks */ = {isa = PBXBuildFile; fileRef = 02CFFA3723E4B1EE00FDE5B9 /* SwiftSyntax.framework */; };
		02CFFA3923E4B1EE00FDE5B9 /* SwiftSyntax.framework in Embed Frameworks */ = {isa = PBXBuildFile; fileRef = 02CFFA3723E4B1EE00FDE5B9 /* SwiftSyntax.framework */; settings = {ATTRIBUTES = (CodeSignOnCopy, RemoveHeadersOnCopy, ); }; };
		02CFFA3B23E4B1F100FDE5B9 /* _CSwiftSyntax.framework in Frameworks */ = {isa = PBXBuildFile; fileRef = 02CFFA3A23E4B1F100FDE5B9 /* _CSwiftSyntax.framework */; };
		02CFFA3C23E4B1F100FDE5B9 /* _CSwiftSyntax.framework in Embed Frameworks */ = {isa = PBXBuildFile; fileRef = 02CFFA3A23E4B1F100FDE5B9 /* _CSwiftSyntax.framework */; settings = {ATTRIBUTES = (CodeSignOnCopy, RemoveHeadersOnCopy, ); }; };
		02CFFA3E23E5A95B00FDE5B9 /* GatherDeclAvailable.swift in Sources */ = {isa = PBXBuildFile; fileRef = 02CFFA3D23E5A95B00FDE5B9 /* GatherDeclAvailable.swift */; };
		02CFFA4023E5CFF800FDE5B9 /* DefKind.swift in Sources */ = {isa = PBXBuildFile; fileRef = 02CFFA3F23E5CFF800FDE5B9 /* DefKind.swift */; };
		02CFFA4123E6CF1800FDE5B9 /* SwiftSyntax.framework in Frameworks */ = {isa = PBXBuildFile; fileRef = 02CFFA3723E4B1EE00FDE5B9 /* SwiftSyntax.framework */; };
		02CFFA4223E6CF2000FDE5B9 /* _CSwiftSyntax.framework in Frameworks */ = {isa = PBXBuildFile; fileRef = 02CFFA3A23E4B1F100FDE5B9 /* _CSwiftSyntax.framework */; };
		02CFFA4323E6CF5700FDE5B9 /* _CSwiftSyntax.framework in CopyFiles */ = {isa = PBXBuildFile; fileRef = 02CFFA3A23E4B1F100FDE5B9 /* _CSwiftSyntax.framework */; settings = {ATTRIBUTES = (CodeSignOnCopy, RemoveHeadersOnCopy, ); }; };
		02CFFA4423E6CF6900FDE5B9 /* SwiftSyntax.framework in CopyFiles */ = {isa = PBXBuildFile; fileRef = 02CFFA3723E4B1EE00FDE5B9 /* SwiftSyntax.framework */; settings = {ATTRIBUTES = (CodeSignOnCopy, RemoveHeadersOnCopy, ); }; };
		02CFFA4623E75DF500FDE5B9 /* GatherDeclPieces.swift in Sources */ = {isa = PBXBuildFile; fileRef = 02CFFA4523E75DF500FDE5B9 /* GatherDeclPieces.swift */; };
		02CFFA4B23E8461800FDE5B9 /* libcmark_gfm.framework in Frameworks */ = {isa = PBXBuildFile; fileRef = 02CFFA4923E8460700FDE5B9 /* libcmark_gfm.framework */; };
		02CFFA4C23E8461800FDE5B9 /* libcmark_gfm.framework in Embed Frameworks */ = {isa = PBXBuildFile; fileRef = 02CFFA4923E8460700FDE5B9 /* libcmark_gfm.framework */; settings = {ATTRIBUTES = (CodeSignOnCopy, RemoveHeadersOnCopy, ); }; };
		02CFFA4D23E8461A00FDE5B9 /* Maaku.framework in Frameworks */ = {isa = PBXBuildFile; fileRef = 02CFFA4723E8460400FDE5B9 /* Maaku.framework */; };
		02CFFA4E23E8461A00FDE5B9 /* Maaku.framework in Embed Frameworks */ = {isa = PBXBuildFile; fileRef = 02CFFA4723E8460400FDE5B9 /* Maaku.framework */; settings = {ATTRIBUTES = (CodeSignOnCopy, RemoveHeadersOnCopy, ); }; };
		02D00C802406D74700DD93C5 /* GatherSourceKitten.swift in Sources */ = {isa = PBXBuildFile; fileRef = 02D00C7F2406D74700DD93C5 /* GatherSourceKitten.swift */; };
		02D00C822407D70800DD93C5 /* FormatDeclaration.swift in Sources */ = {isa = PBXBuildFile; fileRef = 02D00C812407D70800DD93C5 /* FormatDeclaration.swift */; };
		02D00C862407EEC100DD93C5 /* MergeImport.swift in Sources */ = {isa = PBXBuildFile; fileRef = 02D00C852407EEC100DD93C5 /* MergeImport.swift */; };
		02D00C88240940B600DD93C5 /* MergeDefinitions.swift in Sources */ = {isa = PBXBuildFile; fileRef = 02D00C87240940B600DD93C5 /* MergeDefinitions.swift */; };
		02D00C8A24096E8A00DD93C5 /* MergeFilter.swift in Sources */ = {isa = PBXBuildFile; fileRef = 02D00C8924096E8A00DD93C5 /* MergeFilter.swift */; };
		02D064F423EC208200FE11BD /* Group.swift in Sources */ = {isa = PBXBuildFile; fileRef = 02D064F323EC208200FE11BD /* Group.swift */; };
		02EC5B7E242FCB2F00A511B2 /* GenMedia.swift in Sources */ = {isa = PBXBuildFile; fileRef = 02EC5B7D242FCB2F00A511B2 /* GenMedia.swift */; };
		02F2B3C4239A7E2A00397BC6 /* main.swift in Sources */ = {isa = PBXBuildFile; fileRef = 02C24034239A732200518764 /* main.swift */; };
		02FDC67A23E876D300C2F9CD /* DefDocs.swift in Sources */ = {isa = PBXBuildFile; fileRef = 02FDC67923E876D300C2F9CD /* DefDocs.swift */; };
		02FDC67C23E879E700C2F9CD /* GatherMarkdown.swift in Sources */ = {isa = PBXBuildFile; fileRef = 02FDC67B23E879E700C2F9CD /* GatherMarkdown.swift */; };
		02FDC67E23E89E8300C2F9CD /* TestMarkdown.swift in Sources */ = {isa = PBXBuildFile; fileRef = 02FDC67D23E89E8300C2F9CD /* TestMarkdown.swift */; };
		02FDC68023E8B25100C2F9CD /* Localization.swift in Sources */ = {isa = PBXBuildFile; fileRef = 02FDC67F23E8B25100C2F9CD /* Localization.swift */; };
		02FDC68223E997D700C2F9CD /* Markdown.swift in Sources */ = {isa = PBXBuildFile; fileRef = 02FDC68123E997D700C2F9CD /* Markdown.swift */; };
		02FDC68423E9DED600C2F9CD /* DefItem.swift in Sources */ = {isa = PBXBuildFile; fileRef = 02FDC68323E9DED600C2F9CD /* DefItem.swift */; };
		02FDC68623E9EEE900C2F9CD /* GatherLocalize.swift in Sources */ = {isa = PBXBuildFile; fileRef = 02FDC68523E9EEE900C2F9CD /* GatherLocalize.swift */; };
		02FDC68B23EB2A7300C2F9CD /* Output.strings in Resources */ = {isa = PBXBuildFile; fileRef = 02FDC68923EB2A7300C2F9CD /* Output.strings */; };
		02FDC68D23EB498A00C2F9CD /* DefDeclaration.swift in Sources */ = {isa = PBXBuildFile; fileRef = 02FDC68C23EB498A00C2F9CD /* DefDeclaration.swift */; };
		02FDC68F23EB4C1B00C2F9CD /* Lock.swift in Sources */ = {isa = PBXBuildFile; fileRef = 02FDC68E23EB4C1B00C2F9CD /* Lock.swift */; };
		02FDC69123EB617300C2F9CD /* StringEnums.swift in Sources */ = {isa = PBXBuildFile; fileRef = 02FDC69023EB617200C2F9CD /* StringEnums.swift */; };
/* End PBXBuildFile section */

/* Begin PBXContainerItemProxy section */
		0257280D23DB540C0001F510 /* PBXContainerItemProxy */ = {
			isa = PBXContainerItemProxy;
			containerPortal = 02C24009239A6F0700518764 /* Project object */;
			proxyType = 1;
			remoteGlobalIDString = 029A718323DB04F300D66069;
			remoteInfo = J2Resources;
		};
		02C2403B239A740900518764 /* PBXContainerItemProxy */ = {
			isa = PBXContainerItemProxy;
			containerPortal = 02C24009239A6F0700518764 /* Project object */;
			proxyType = 1;
			remoteGlobalIDString = 02C24011239A6F0700518764;
			remoteInfo = J2Lib;
		};
		02F2B3CA239A804100397BC6 /* PBXContainerItemProxy */ = {
			isa = PBXContainerItemProxy;
			containerPortal = 02C24009239A6F0700518764 /* Project object */;
			proxyType = 1;
			remoteGlobalIDString = 02C24011239A6F0700518764;
			remoteInfo = J2Lib;
		};
/* End PBXContainerItemProxy section */

/* Begin PBXCopyFilesBuildPhase section */
		0257280F23DB540C0001F510 /* Embed PlugIns */ = {
			isa = PBXCopyFilesBuildPhase;
			buildActionMask = 2147483647;
			dstPath = "";
			dstSubfolderSpec = 13;
			files = (
				0257280C23DB540C0001F510 /* J2Resources.bundle in Embed PlugIns */,
			);
			name = "Embed PlugIns";
			runOnlyForDeploymentPostprocessing = 0;
		};
		02CFF91923DDFB0100FDE5B9 /* Embed Frameworks */ = {
			isa = PBXCopyFilesBuildPhase;
			buildActionMask = 2147483647;
			dstPath = "";
			dstSubfolderSpec = 10;
			files = (
				02CFFA4C23E8461800FDE5B9 /* libcmark_gfm.framework in Embed Frameworks */,
				02CFF9692424CD4900320610 /* SortedArray.framework in Embed Frameworks */,
				02CFFA0E23E1973300FDE5B9 /* Mustache.framework in Embed Frameworks */,
				02CFFA4E23E8461A00FDE5B9 /* Maaku.framework in Embed Frameworks */,
				02CFF91D23DDFB0600FDE5B9 /* Yams.framework in Embed Frameworks */,
				02CFF91B23DDFB0500FDE5B9 /* SWXMLHash.framework in Embed Frameworks */,
				02CFFA3C23E4B1F100FDE5B9 /* _CSwiftSyntax.framework in Embed Frameworks */,
				02CFF91823DDFB0100FDE5B9 /* SourceKittenFramework.framework in Embed Frameworks */,
				02CFFA3923E4B1EE00FDE5B9 /* SwiftSyntax.framework in Embed Frameworks */,
			);
			name = "Embed Frameworks";
			runOnlyForDeploymentPostprocessing = 0;
		};
		02CFF92023DDFB7200FDE5B9 /* Embed Frameworks */ = {
			isa = PBXCopyFilesBuildPhase;
			buildActionMask = 2147483647;
			dstPath = "";
			dstSubfolderSpec = 10;
			files = (
				02CFF91F23DDFB7200FDE5B9 /* J2Lib.framework in Embed Frameworks */,
			);
			name = "Embed Frameworks";
			runOnlyForDeploymentPostprocessing = 0;
		};
		02F2B3AE239A7CA400397BC6 /* CopyFiles */ = {
			isa = PBXCopyFilesBuildPhase;
			buildActionMask = 2147483647;
			dstPath = "";
			dstSubfolderSpec = 10;
			files = (
				022BD9B724311CC400FC34D4 /* Maaku.framework in CopyFiles */,
				02CFFA4423E6CF6900FDE5B9 /* SwiftSyntax.framework in CopyFiles */,
				02CFFA4323E6CF5700FDE5B9 /* _CSwiftSyntax.framework in CopyFiles */,
				02CFFA2623E30B3A00FDE5B9 /* Mustache.framework in CopyFiles */,
				02CFFA2323E215FF00FDE5B9 /* Yams.framework in CopyFiles */,
				02CFFA2223E215F300FDE5B9 /* SourceKittenFramework.framework in CopyFiles */,
			);
			runOnlyForDeploymentPostprocessing = 0;
		};
/* End PBXCopyFilesBuildPhase section */

/* Begin PBXFileReference section */
		0225D98F242D1B75005FF4A2 /* DefLocation.swift */ = {isa = PBXFileReference; lastKnownFileType = sourcecode.swift; path = DefLocation.swift; sourceTree = "<group>"; };
		0225D991242D1BA8005FF4A2 /* DefDeclNote.swift */ = {isa = PBXFileReference; lastKnownFileType = sourcecode.swift; path = DefDeclNote.swift; sourceTree = "<group>"; };
		0225D993242D1BE8005FF4A2 /* DefLanguage.swift */ = {isa = PBXFileReference; lastKnownFileType = sourcecode.swift; path = DefLanguage.swift; sourceTree = "<group>"; };
		022818B723D1C2E00016B0D5 /* Options.swift */ = {isa = PBXFileReference; lastKnownFileType = sourcecode.swift; path = Options.swift; sourceTree = "<group>"; };
		022818BE23D238F30016B0D5 /* Errors.swift */ = {isa = PBXFileReference; lastKnownFileType = sourcecode.swift; path = Errors.swift; sourceTree = "<group>"; };
		022818C023D23DFE0016B0D5 /* TestOptions.swift */ = {isa = PBXFileReference; lastKnownFileType = sourcecode.swift; path = TestOptions.swift; sourceTree = "<group>"; };
		022818C423D33C2B0016B0D5 /* Regex.swift */ = {isa = PBXFileReference; lastKnownFileType = sourcecode.swift; path = Regex.swift; sourceTree = "<group>"; };
		022818C623D342D50016B0D5 /* TestRegex.swift */ = {isa = PBXFileReference; lastKnownFileType = sourcecode.swift; path = TestRegex.swift; sourceTree = "<group>"; };
		022818C823D38A040016B0D5 /* PrefixMatcher.swift */ = {isa = PBXFileReference; lastKnownFileType = sourcecode.swift; path = PrefixMatcher.swift; sourceTree = "<group>"; };
		022818CB23D39B270016B0D5 /* TestPrefixMatcher.swift */ = {isa = PBXFileReference; lastKnownFileType = sourcecode.swift; path = TestPrefixMatcher.swift; sourceTree = "<group>"; };
		022818CD23D4E89D0016B0D5 /* TestHelpers.swift */ = {isa = PBXFileReference; lastKnownFileType = sourcecode.swift; path = TestHelpers.swift; sourceTree = "<group>"; };
		022818CF23D4EB0E0016B0D5 /* Glob.swift */ = {isa = PBXFileReference; lastKnownFileType = sourcecode.swift; path = Glob.swift; sourceTree = "<group>"; };
		022818D223D4F7CB0016B0D5 /* TestGlob.swift */ = {isa = PBXFileReference; lastKnownFileType = sourcecode.swift; path = TestGlob.swift; sourceTree = "<group>"; };
		022818D623D61E740016B0D5 /* Yams.framework */ = {isa = PBXFileReference; lastKnownFileType = wrapper.framework; name = Yams.framework; path = Carthage/Build/Mac/Yams.framework; sourceTree = "<group>"; };
		022BD9B524310B6000FC34D4 /* FormatLinkRewriter.swift */ = {isa = PBXFileReference; lastKnownFileType = sourcecode.swift; path = FormatLinkRewriter.swift; sourceTree = "<group>"; };
		022BD9B82431F56400FC34D4 /* GatherJobImport.swift */ = {isa = PBXFileReference; lastKnownFileType = sourcecode.swift; path = GatherJobImport.swift; sourceTree = "<group>"; };
		022BD9BA2431FACD00FC34D4 /* TestGatherImport.swift */ = {isa = PBXFileReference; lastKnownFileType = sourcecode.swift; path = TestGatherImport.swift; sourceTree = "<group>"; };
		022BE7B12434AEFD005146D1 /* GenSearch.swift */ = {isa = PBXFileReference; lastKnownFileType = sourcecode.swift; path = GenSearch.swift; sourceTree = "<group>"; };
		0233D51C23EED547004DCD89 /* GroupItem.swift */ = {isa = PBXFileReference; lastKnownFileType = sourcecode.swift; path = GroupItem.swift; sourceTree = "<group>"; };
		0233D52323EF0CC3004DCD89 /* Identifiers.swift */ = {isa = PBXFileReference; lastKnownFileType = sourcecode.swift; path = Identifiers.swift; sourceTree = "<group>"; };
		0233D52523EF11F6004DCD89 /* TestIdentifiers.swift */ = {isa = PBXFileReference; lastKnownFileType = sourcecode.swift; path = TestIdentifiers.swift; sourceTree = "<group>"; };
		0233D52823EF1582004DCD89 /* Format.swift */ = {isa = PBXFileReference; fileEncoding = 4; lastKnownFileType = sourcecode.swift; name = Format.swift; path = Sources/J2Lib/Format/Format.swift; sourceTree = SOURCE_ROOT; };
		0233D52A23EF1598004DCD89 /* ItemVisitorProtocol.swift */ = {isa = PBXFileReference; fileEncoding = 4; lastKnownFileType = sourcecode.swift; path = ItemVisitorProtocol.swift; sourceTree = "<group>"; };
		0233D52C23EF2997004DCD89 /* FormatURL.swift */ = {isa = PBXFileReference; lastKnownFileType = sourcecode.swift; path = FormatURL.swift; sourceTree = "<group>"; };
		0233D52E23EF2CCD004DCD89 /* ItemKind.swift */ = {isa = PBXFileReference; lastKnownFileType = sourcecode.swift; path = ItemKind.swift; sourceTree = "<group>"; };
		0233D53023EF4047004DCD89 /* TestGroup.swift */ = {isa = PBXFileReference; lastKnownFileType = sourcecode.swift; path = TestGroup.swift; sourceTree = "<group>"; };
		0233D53223EF43A7004DCD89 /* TestFormat.swift */ = {isa = PBXFileReference; lastKnownFileType = sourcecode.swift; path = TestFormat.swift; sourceTree = "<group>"; };
		0233D53423F067EE004DCD89 /* GenPages.swift */ = {isa = PBXFileReference; lastKnownFileType = sourcecode.swift; path = GenPages.swift; sourceTree = "<group>"; };
		0233D53623F07B1A004DCD89 /* GenData.swift */ = {isa = PBXFileReference; lastKnownFileType = sourcecode.swift; path = GenData.swift; sourceTree = "<group>"; };
		0233D53823F07E6E004DCD89 /* JSON.swift */ = {isa = PBXFileReference; lastKnownFileType = sourcecode.swift; path = JSON.swift; sourceTree = "<group>"; };
		0233D53A23F09E0D004DCD89 /* GenMustache.swift */ = {isa = PBXFileReference; lastKnownFileType = sourcecode.swift; path = GenMustache.swift; sourceTree = "<group>"; };
		0233D53C23F30851004DCD89 /* GuideItem.swift */ = {isa = PBXFileReference; lastKnownFileType = sourcecode.swift; path = GuideItem.swift; sourceTree = "<group>"; };
		0233D53E23F30EDB004DCD89 /* GroupGuides.swift */ = {isa = PBXFileReference; lastKnownFileType = sourcecode.swift; path = GroupGuides.swift; sourceTree = "<group>"; };
		0233D54023F344F3004DCD89 /* Localized.swift */ = {isa = PBXFileReference; lastKnownFileType = sourcecode.swift; path = Localized.swift; sourceTree = "<group>"; };
		0233D54223F42682004DCD89 /* Topic.swift */ = {isa = PBXFileReference; lastKnownFileType = sourcecode.swift; path = Topic.swift; sourceTree = "<group>"; };
		0233D54423F432A3004DCD89 /* RichText.swift */ = {isa = PBXFileReference; lastKnownFileType = sourcecode.swift; path = RichText.swift; sourceTree = "<group>"; };
		0233D54623F5ED95004DCD89 /* TestProducts.swift */ = {isa = PBXFileReference; lastKnownFileType = sourcecode.swift; path = TestProducts.swift; sourceTree = "<group>"; };
		0233D54823F6F2ED004DCD89 /* FormatMarkdown.swift */ = {isa = PBXFileReference; lastKnownFileType = sourcecode.swift; path = FormatMarkdown.swift; sourceTree = "<group>"; };
		0233D54A23F70CA6004DCD89 /* GenCopyright.swift */ = {isa = PBXFileReference; lastKnownFileType = sourcecode.swift; path = GenCopyright.swift; sourceTree = "<group>"; };
		0233D54C23F9B255004DCD89 /* TestGatherObjC.swift */ = {isa = PBXFileReference; lastKnownFileType = sourcecode.swift; path = TestGatherObjC.swift; sourceTree = "<group>"; };
		025727FF23DB50270001F510 /* en */ = {isa = PBXFileReference; lastKnownFileType = text.plist.strings; name = en; path = Localizable.strings; sourceTree = "<group>"; };
		0257280323DB503C0001F510 /* fr */ = {isa = PBXFileReference; lastKnownFileType = text.plist.strings; name = fr; path = Localizable.strings; sourceTree = "<group>"; };
		0257280623DB50B40001F510 /* Resources.swift */ = {isa = PBXFileReference; lastKnownFileType = sourcecode.swift; path = Resources.swift; sourceTree = "<group>"; };
		0257281023DB7E5E0001F510 /* TestPipeline.swift */ = {isa = PBXFileReference; lastKnownFileType = sourcecode.swift; path = TestPipeline.swift; sourceTree = "<group>"; };
		0257281323DC78820001F510 /* en */ = {isa = PBXFileReference; lastKnownFileType = text.plist.strings; name = en; path = Help.strings; sourceTree = "<group>"; };
		0259E18A24111099006435A1 /* GatherJobOpts.swift */ = {isa = PBXFileReference; lastKnownFileType = sourcecode.swift; path = GatherJobOpts.swift; sourceTree = "<group>"; };
		0259E18C2413C0A7006435A1 /* GatherJobSwift.swift */ = {isa = PBXFileReference; lastKnownFileType = sourcecode.swift; path = GatherJobSwift.swift; sourceTree = "<group>"; };
		0259E18E2413C12A006435A1 /* GatherJobObjC.swift */ = {isa = PBXFileReference; lastKnownFileType = sourcecode.swift; path = GatherJobObjC.swift; sourceTree = "<group>"; };
		0259E1902414F5A5006435A1 /* Stats.swift */ = {isa = PBXFileReference; lastKnownFileType = sourcecode.swift; path = Stats.swift; sourceTree = "<group>"; };
		0259E1922416444F006435A1 /* TestStats.swift */ = {isa = PBXFileReference; lastKnownFileType = sourcecode.swift; path = TestStats.swift; sourceTree = "<group>"; };
		0259E1942416686D006435A1 /* DefAcl.swift */ = {isa = PBXFileReference; lastKnownFileType = sourcecode.swift; path = DefAcl.swift; sourceTree = "<group>"; };
		0259E1962416A674006435A1 /* TestAcl.swift */ = {isa = PBXFileReference; lastKnownFileType = sourcecode.swift; path = TestAcl.swift; sourceTree = "<group>"; };
		0259E199241A5902006435A1 /* FormatAutolink.swift */ = {isa = PBXFileReference; lastKnownFileType = sourcecode.swift; path = FormatAutolink.swift; sourceTree = "<group>"; };
		0259E19B241D74CD006435A1 /* FormatAbstracts.swift */ = {isa = PBXFileReference; lastKnownFileType = sourcecode.swift; path = FormatAbstracts.swift; sourceTree = "<group>"; };
		028321D623FB1F4F00B2C555 /* GatherObjCDecl.swift */ = {isa = PBXFileReference; lastKnownFileType = sourcecode.swift; path = GatherObjCDecl.swift; sourceTree = "<group>"; };
		028321F82403F40200B2C555 /* Exec.swift */ = {isa = PBXFileReference; fileEncoding = 4; lastKnownFileType = sourcecode.swift; path = Exec.swift; sourceTree = "<group>"; };
		029A6F1823D77F7C00D66069 /* Config.swift */ = {isa = PBXFileReference; lastKnownFileType = sourcecode.swift; path = Config.swift; sourceTree = "<group>"; };
		029A6F1A23D7838700D66069 /* Pipeline.swift */ = {isa = PBXFileReference; lastKnownFileType = sourcecode.swift; path = Pipeline.swift; sourceTree = "<group>"; };
		029A6F1C23D79AB000D66069 /* Version.swift */ = {isa = PBXFileReference; lastKnownFileType = sourcecode.swift; path = Version.swift; sourceTree = "<group>"; };
		029A6F1E23D880F700D66069 /* Logger.swift */ = {isa = PBXFileReference; lastKnownFileType = sourcecode.swift; path = Logger.swift; sourceTree = "<group>"; };
		029A717823D9A46300D66069 /* TestLogger.swift */ = {isa = PBXFileReference; lastKnownFileType = sourcecode.swift; path = TestLogger.swift; sourceTree = "<group>"; };
		029A717A23D9B2AC00D66069 /* TestConfig.swift */ = {isa = PBXFileReference; lastKnownFileType = sourcecode.swift; path = TestConfig.swift; sourceTree = "<group>"; };
		029A717E23D9F91200D66069 /* FileManager.swift */ = {isa = PBXFileReference; lastKnownFileType = sourcecode.swift; path = FileManager.swift; sourceTree = "<group>"; };
		029A718423DB04F300D66069 /* J2Resources.bundle */ = {isa = PBXFileReference; explicitFileType = wrapper.cfbundle; includeInIndex = 0; path = J2Resources.bundle; sourceTree = BUILT_PRODUCTS_DIR; };
		029A718623DB04F300D66069 /* Info.plist */ = {isa = PBXFileReference; lastKnownFileType = text.plist.xml; path = Info.plist; sourceTree = "<group>"; };
		02C24012239A6F0700518764 /* J2Lib.framework */ = {isa = PBXFileReference; explicitFileType = wrapper.framework; includeInIndex = 0; path = J2Lib.framework; sourceTree = BUILT_PRODUCTS_DIR; };
		02C24016239A6F0700518764 /* Info.plist */ = {isa = PBXFileReference; lastKnownFileType = text.plist.xml; path = Info.plist; sourceTree = "<group>"; };
		02C2401B239A6F0700518764 /* J2Tests.xctest */ = {isa = PBXFileReference; explicitFileType = wrapper.cfbundle; includeInIndex = 0; path = J2Tests.xctest; sourceTree = BUILT_PRODUCTS_DIR; };
		02C24022239A6F0700518764 /* Info.plist */ = {isa = PBXFileReference; lastKnownFileType = text.plist.xml; path = Info.plist; sourceTree = "<group>"; };
		02C24034239A732200518764 /* main.swift */ = {isa = PBXFileReference; lastKnownFileType = sourcecode.swift; path = main.swift; sourceTree = "<group>"; };
		02CFF90A23DDF9DF00FDE5B9 /* SourceKittenFramework.framework */ = {isa = PBXFileReference; lastKnownFileType = wrapper.framework; name = SourceKittenFramework.framework; path = Carthage/Build/Mac/SourceKittenFramework.framework; sourceTree = "<group>"; };
		02CFF90E23DDF9E400FDE5B9 /* SWXMLHash.framework */ = {isa = PBXFileReference; lastKnownFileType = wrapper.framework; name = SWXMLHash.framework; path = Carthage/Build/Mac/SWXMLHash.framework; sourceTree = "<group>"; };
		02CFF92223DDFE3000FDE5B9 /* Gather.swift */ = {isa = PBXFileReference; lastKnownFileType = sourcecode.swift; path = Gather.swift; sourceTree = "<group>"; };
		02CFF92423DDFFC900FDE5B9 /* GatherDef.swift */ = {isa = PBXFileReference; lastKnownFileType = sourcecode.swift; path = GatherDef.swift; sourceTree = "<group>"; };
		02CFF92623DE009900FDE5B9 /* GatherOpts.swift */ = {isa = PBXFileReference; lastKnownFileType = sourcecode.swift; path = GatherOpts.swift; sourceTree = "<group>"; };
		02CFF92823DE044200FDE5B9 /* GatherJob.swift */ = {isa = PBXFileReference; lastKnownFileType = sourcecode.swift; path = GatherJob.swift; sourceTree = "<group>"; };
		02CFF92A23DEF49400FDE5B9 /* GatherJSON.swift */ = {isa = PBXFileReference; lastKnownFileType = sourcecode.swift; path = GatherJSON.swift; sourceTree = "<group>"; };
		02CFF96324237E4400320610 /* GroupTopics.swift */ = {isa = PBXFileReference; lastKnownFileType = sourcecode.swift; path = GroupTopics.swift; sourceTree = "<group>"; };
		02CFF9652423820A00320610 /* DefTopic.swift */ = {isa = PBXFileReference; lastKnownFileType = sourcecode.swift; path = DefTopic.swift; sourceTree = "<group>"; };
		02CFF9672424CD4900320610 /* SortedArray.framework */ = {isa = PBXFileReference; lastKnownFileType = wrapper.framework; name = SortedArray.framework; path = Carthage/Build/Mac/SortedArray.framework; sourceTree = "<group>"; };
		02CFF96A2427879400320610 /* GroupCustom.swift */ = {isa = PBXFileReference; lastKnownFileType = sourcecode.swift; path = GroupCustom.swift; sourceTree = "<group>"; };
		02CFF9EC23DF0D4300FDE5B9 /* XcodeSwiftModule.swift */ = {isa = PBXFileReference; lastKnownFileType = sourcecode.swift; path = XcodeSwiftModule.swift; sourceTree = "<group>"; };
		02CFF9F523DF0EB100FDE5B9 /* Empty.swift */ = {isa = PBXFileReference; lastKnownFileType = sourcecode.swift; name = Empty.swift; path = Sources/SpmSwiftModule/Empty.swift; sourceTree = "<group>"; };
		02CFF9F623DF0EB100FDE5B9 /* SpmSwiftModule.swift */ = {isa = PBXFileReference; lastKnownFileType = sourcecode.swift; name = SpmSwiftModule.swift; path = Sources/SpmSwiftModule/SpmSwiftModule.swift; sourceTree = "<group>"; };
		02CFF9F823DF158700FDE5B9 /* TestGather.swift */ = {isa = PBXFileReference; lastKnownFileType = sourcecode.swift; path = TestGather.swift; sourceTree = "<group>"; };
		02CFF9FD23E0A9D100FDE5B9 /* TestResources.swift */ = {isa = PBXFileReference; lastKnownFileType = sourcecode.swift; path = TestResources.swift; sourceTree = "<group>"; };
		02CFFA0023E0B95F00FDE5B9 /* Merge.swift */ = {isa = PBXFileReference; lastKnownFileType = sourcecode.swift; path = Merge.swift; sourceTree = "<group>"; };
		02CFFA0323E0BA2900FDE5B9 /* Item.swift */ = {isa = PBXFileReference; lastKnownFileType = sourcecode.swift; path = Item.swift; sourceTree = "<group>"; };
		02CFFA0523E0BD8B00FDE5B9 /* DefItemJSON.swift */ = {isa = PBXFileReference; lastKnownFileType = sourcecode.swift; path = DefItemJSON.swift; sourceTree = "<group>"; };
		02CFFA0823E0C8AC00FDE5B9 /* GenSite.swift */ = {isa = PBXFileReference; lastKnownFileType = sourcecode.swift; path = GenSite.swift; sourceTree = "<group>"; };
		02CFFA0C23E1973300FDE5B9 /* Mustache.framework */ = {isa = PBXFileReference; lastKnownFileType = wrapper.framework; name = Mustache.framework; path = Carthage/Build/Mac/Mustache.framework; sourceTree = "<group>"; };
		02CFFA0F23E1E9A700FDE5B9 /* GenThemes.swift */ = {isa = PBXFileReference; lastKnownFileType = sourcecode.swift; path = GenThemes.swift; sourceTree = "<group>"; };
		02CFFA1C23E20AB400FDE5B9 /* themes */ = {isa = PBXFileReference; lastKnownFileType = folder; path = themes; sourceTree = "<group>"; };
		02CFFA1E23E20E7500FDE5B9 /* TestMerge.swift */ = {isa = PBXFileReference; lastKnownFileType = sourcecode.swift; path = TestMerge.swift; sourceTree = "<group>"; };
		02CFFA2423E2244C00FDE5B9 /* TestTheme.swift */ = {isa = PBXFileReference; lastKnownFileType = sourcecode.swift; path = TestTheme.swift; sourceTree = "<group>"; };
		02CFFA2923E30F9E00FDE5B9 /* TestGen.swift */ = {isa = PBXFileReference; lastKnownFileType = sourcecode.swift; path = TestGen.swift; sourceTree = "<group>"; };
		02CFFA2B23E45F4F00FDE5B9 /* GatherSwiftDecl.swift */ = {isa = PBXFileReference; lastKnownFileType = sourcecode.swift; path = GatherSwiftDecl.swift; sourceTree = "<group>"; };
		02CFFA2D23E4702700FDE5B9 /* TestGatherDecl.swift */ = {isa = PBXFileReference; lastKnownFileType = sourcecode.swift; path = TestGatherDecl.swift; sourceTree = "<group>"; };
		02CFFA3723E4B1EE00FDE5B9 /* SwiftSyntax.framework */ = {isa = PBXFileReference; lastKnownFileType = wrapper.framework; name = SwiftSyntax.framework; path = Syntax/SwiftSyntax.framework; sourceTree = "<group>"; };
		02CFFA3A23E4B1F100FDE5B9 /* _CSwiftSyntax.framework */ = {isa = PBXFileReference; lastKnownFileType = wrapper.framework; name = _CSwiftSyntax.framework; path = Syntax/_CSwiftSyntax.framework; sourceTree = "<group>"; };
		02CFFA3D23E5A95B00FDE5B9 /* GatherDeclAvailable.swift */ = {isa = PBXFileReference; lastKnownFileType = sourcecode.swift; path = GatherDeclAvailable.swift; sourceTree = "<group>"; };
		02CFFA3F23E5CFF800FDE5B9 /* DefKind.swift */ = {isa = PBXFileReference; lastKnownFileType = sourcecode.swift; path = DefKind.swift; sourceTree = "<group>"; };
		02CFFA4523E75DF500FDE5B9 /* GatherDeclPieces.swift */ = {isa = PBXFileReference; lastKnownFileType = sourcecode.swift; path = GatherDeclPieces.swift; sourceTree = "<group>"; };
		02CFFA4723E8460400FDE5B9 /* Maaku.framework */ = {isa = PBXFileReference; lastKnownFileType = wrapper.framework; name = Maaku.framework; path = Carthage/Build/Mac/Maaku.framework; sourceTree = "<group>"; };
		02CFFA4923E8460700FDE5B9 /* libcmark_gfm.framework */ = {isa = PBXFileReference; lastKnownFileType = wrapper.framework; name = libcmark_gfm.framework; path = Carthage/Build/Mac/libcmark_gfm.framework; sourceTree = "<group>"; };
		02D00C7F2406D74700DD93C5 /* GatherSourceKitten.swift */ = {isa = PBXFileReference; lastKnownFileType = sourcecode.swift; path = GatherSourceKitten.swift; sourceTree = "<group>"; };
		02D00C812407D70800DD93C5 /* FormatDeclaration.swift */ = {isa = PBXFileReference; lastKnownFileType = sourcecode.swift; path = FormatDeclaration.swift; sourceTree = "<group>"; };
		02D00C852407EEC100DD93C5 /* MergeImport.swift */ = {isa = PBXFileReference; lastKnownFileType = sourcecode.swift; path = MergeImport.swift; sourceTree = "<group>"; };
		02D00C87240940B600DD93C5 /* MergeDefinitions.swift */ = {isa = PBXFileReference; lastKnownFileType = sourcecode.swift; path = MergeDefinitions.swift; sourceTree = "<group>"; };
		02D00C8924096E8A00DD93C5 /* MergeFilter.swift */ = {isa = PBXFileReference; lastKnownFileType = sourcecode.swift; path = MergeFilter.swift; sourceTree = "<group>"; };
		02D064F323EC208200FE11BD /* Group.swift */ = {isa = PBXFileReference; lastKnownFileType = sourcecode.swift; path = Group.swift; sourceTree = "<group>"; };
		02EC5B7D242FCB2F00A511B2 /* GenMedia.swift */ = {isa = PBXFileReference; lastKnownFileType = sourcecode.swift; path = GenMedia.swift; sourceTree = "<group>"; };
		02F2B3B4239A7E0C00397BC6 /* J2CLI.app */ = {isa = PBXFileReference; explicitFileType = wrapper.application; includeInIndex = 0; path = J2CLI.app; sourceTree = BUILT_PRODUCTS_DIR; };
		02F2B3D0239A89D700397BC6 /* Package.swift */ = {isa = PBXFileReference; fileEncoding = 4; lastKnownFileType = sourcecode.swift; path = Package.swift; sourceTree = "<group>"; };
		02FDC67923E876D300C2F9CD /* DefDocs.swift */ = {isa = PBXFileReference; lastKnownFileType = sourcecode.swift; path = DefDocs.swift; sourceTree = "<group>"; };
		02FDC67B23E879E700C2F9CD /* GatherMarkdown.swift */ = {isa = PBXFileReference; lastKnownFileType = sourcecode.swift; path = GatherMarkdown.swift; sourceTree = "<group>"; };
		02FDC67D23E89E8300C2F9CD /* TestMarkdown.swift */ = {isa = PBXFileReference; lastKnownFileType = sourcecode.swift; path = TestMarkdown.swift; sourceTree = "<group>"; };
		02FDC67F23E8B25100C2F9CD /* Localization.swift */ = {isa = PBXFileReference; lastKnownFileType = sourcecode.swift; path = Localization.swift; sourceTree = "<group>"; };
		02FDC68123E997D700C2F9CD /* Markdown.swift */ = {isa = PBXFileReference; lastKnownFileType = sourcecode.swift; path = Markdown.swift; sourceTree = "<group>"; };
		02FDC68323E9DED600C2F9CD /* DefItem.swift */ = {isa = PBXFileReference; lastKnownFileType = sourcecode.swift; path = DefItem.swift; sourceTree = "<group>"; };
		02FDC68523E9EEE900C2F9CD /* GatherLocalize.swift */ = {isa = PBXFileReference; lastKnownFileType = sourcecode.swift; path = GatherLocalize.swift; sourceTree = "<group>"; };
		02FDC68723EAEB9F00C2F9CD /* Localizable.swift */ = {isa = PBXFileReference; fileEncoding = 4; lastKnownFileType = sourcecode.swift; name = Localizable.swift; path = Sources/SpmSwiftModule2/Localizable.swift; sourceTree = "<group>"; };
		02FDC68A23EB2A7300C2F9CD /* en */ = {isa = PBXFileReference; lastKnownFileType = text.plist.strings; name = en; path = Output.strings; sourceTree = "<group>"; };
		02FDC68C23EB498A00C2F9CD /* DefDeclaration.swift */ = {isa = PBXFileReference; lastKnownFileType = sourcecode.swift; path = DefDeclaration.swift; sourceTree = "<group>"; };
		02FDC68E23EB4C1B00C2F9CD /* Lock.swift */ = {isa = PBXFileReference; lastKnownFileType = sourcecode.swift; path = Lock.swift; sourceTree = "<group>"; };
		02FDC69023EB617200C2F9CD /* StringEnums.swift */ = {isa = PBXFileReference; fileEncoding = 4; lastKnownFileType = sourcecode.swift; path = StringEnums.swift; sourceTree = "<group>"; };
/* End PBXFileReference section */

/* Begin PBXFrameworksBuildPhase section */
		029A718123DB04F300D66069 /* Frameworks */ = {
			isa = PBXFrameworksBuildPhase;
			buildActionMask = 2147483647;
			files = (
			);
			runOnlyForDeploymentPostprocessing = 0;
		};
		02C2400F239A6F0700518764 /* Frameworks */ = {
			isa = PBXFrameworksBuildPhase;
			buildActionMask = 2147483647;
			files = (
				02CFFA4B23E8461800FDE5B9 /* libcmark_gfm.framework in Frameworks */,
				02CFF9682424CD4900320610 /* SortedArray.framework in Frameworks */,
				02CFFA0D23E1973300FDE5B9 /* Mustache.framework in Frameworks */,
				02CFFA4D23E8461A00FDE5B9 /* Maaku.framework in Frameworks */,
				02CFF91C23DDFB0600FDE5B9 /* Yams.framework in Frameworks */,
				02CFF91723DDFB0100FDE5B9 /* SourceKittenFramework.framework in Frameworks */,
				02CFFA3B23E4B1F100FDE5B9 /* _CSwiftSyntax.framework in Frameworks */,
				02CFF91A23DDFB0500FDE5B9 /* SWXMLHash.framework in Frameworks */,
				02CFFA3823E4B1EE00FDE5B9 /* SwiftSyntax.framework in Frameworks */,
			);
			runOnlyForDeploymentPostprocessing = 0;
		};
		02C24018239A6F0700518764 /* Frameworks */ = {
			isa = PBXFrameworksBuildPhase;
			buildActionMask = 2147483647;
			files = (
				02C2401C239A6F0700518764 /* J2Lib.framework in Frameworks */,
				02CFFA4123E6CF1800FDE5B9 /* SwiftSyntax.framework in Frameworks */,
				02CFFA4223E6CF2000FDE5B9 /* _CSwiftSyntax.framework in Frameworks */,
			);
			runOnlyForDeploymentPostprocessing = 0;
		};
		02F2B3B1239A7E0C00397BC6 /* Frameworks */ = {
			isa = PBXFrameworksBuildPhase;
			buildActionMask = 2147483647;
			files = (
				02CFF91E23DDFB7200FDE5B9 /* J2Lib.framework in Frameworks */,
			);
			runOnlyForDeploymentPostprocessing = 0;
		};
/* End PBXFrameworksBuildPhase section */

/* Begin PBXGroup section */
		022818C323D33C120016B0D5 /* Utils */ = {
			isa = PBXGroup;
			children = (
				022818C423D33C2B0016B0D5 /* Regex.swift */,
				022818CF23D4EB0E0016B0D5 /* Glob.swift */,
				022818B723D1C2E00016B0D5 /* Options.swift */,
				022818BE23D238F30016B0D5 /* Errors.swift */,
				022818C823D38A040016B0D5 /* PrefixMatcher.swift */,
				029A6F1E23D880F700D66069 /* Logger.swift */,
				029A717E23D9F91200D66069 /* FileManager.swift */,
				02FDC67F23E8B25100C2F9CD /* Localization.swift */,
				0233D54023F344F3004DCD89 /* Localized.swift */,
				0257280623DB50B40001F510 /* Resources.swift */,
				0233D54423F432A3004DCD89 /* RichText.swift */,
				02FDC68123E997D700C2F9CD /* Markdown.swift */,
				0233D52323EF0CC3004DCD89 /* Identifiers.swift */,
				028321F82403F40200B2C555 /* Exec.swift */,
				0233D53823F07E6E004DCD89 /* JSON.swift */,
				02FDC68E23EB4C1B00C2F9CD /* Lock.swift */,
				02FDC69023EB617200C2F9CD /* StringEnums.swift */,
			);
			path = Utils;
			sourceTree = "<group>";
		};
		0233D52723EF154C004DCD89 /* Format */ = {
			isa = PBXGroup;
			children = (
				0233D52823EF1582004DCD89 /* Format.swift */,
				0259E199241A5902006435A1 /* FormatAutolink.swift */,
				0233D52C23EF2997004DCD89 /* FormatURL.swift */,
				0259E19B241D74CD006435A1 /* FormatAbstracts.swift */,
				02D00C812407D70800DD93C5 /* FormatDeclaration.swift */,
				0233D54823F6F2ED004DCD89 /* FormatMarkdown.swift */,
				022BD9B524310B6000FC34D4 /* FormatLinkRewriter.swift */,
			);
			path = Format;
			sourceTree = "<group>";
		};
		025727FD23DB50270001F510 /* en.lproj */ = {
			isa = PBXGroup;
			children = (
				025727FE23DB50270001F510 /* Localizable.strings */,
				0257281223DC78820001F510 /* Help.strings */,
				02FDC68923EB2A7300C2F9CD /* Output.strings */,
			);
			path = en.lproj;
			sourceTree = "<group>";
		};
		0257280123DB503C0001F510 /* qq.lproj */ = {
			isa = PBXGroup;
			children = (
				0257280223DB503C0001F510 /* Localizable.strings */,
			);
			path = qq.lproj;
			sourceTree = "<group>";
		};
		029A718523DB04F300D66069 /* J2Resources */ = {
			isa = PBXGroup;
			children = (
				02CFFA1C23E20AB400FDE5B9 /* themes */,
				025727FD23DB50270001F510 /* en.lproj */,
				0257280123DB503C0001F510 /* qq.lproj */,
				029A718623DB04F300D66069 /* Info.plist */,
			);
			name = J2Resources;
			path = Resources;
			sourceTree = "<group>";
		};
		02C24008239A6F0700518764 = {
			isa = PBXGroup;
			children = (
				02F2B3D0239A89D700397BC6 /* Package.swift */,
				02C24014239A6F0700518764 /* J2Lib */,
				02C2401F239A6F0700518764 /* J2Tests */,
				02C24033239A732200518764 /* J2CLI */,
				029A718523DB04F300D66069 /* J2Resources */,
				02C24013239A6F0700518764 /* Products */,
				02F2B3C7239A804100397BC6 /* Frameworks */,
			);
			sourceTree = "<group>";
		};
		02C24013239A6F0700518764 /* Products */ = {
			isa = PBXGroup;
			children = (
				02C24012239A6F0700518764 /* J2Lib.framework */,
				02C2401B239A6F0700518764 /* J2Tests.xctest */,
				02F2B3B4239A7E0C00397BC6 /* J2CLI.app */,
				029A718423DB04F300D66069 /* J2Resources.bundle */,
			);
			name = Products;
			sourceTree = "<group>";
		};
		02C24014239A6F0700518764 /* J2Lib */ = {
			isa = PBXGroup;
			children = (
				029A6F1A23D7838700D66069 /* Pipeline.swift */,
				029A6F1823D77F7C00D66069 /* Config.swift */,
				0259E1902414F5A5006435A1 /* Stats.swift */,
				029A6F1C23D79AB000D66069 /* Version.swift */,
				02CFF92123DDFE1400FDE5B9 /* Gather */,
				02CFF9FF23E0B94800FDE5B9 /* Merge */,
				02CFFA0223E0BA0F00FDE5B9 /* Model */,
				02D064F223EC206F00FE11BD /* Group */,
				0233D52723EF154C004DCD89 /* Format */,
				02CFFA0723E0C89600FDE5B9 /* Gen */,
				022818C323D33C120016B0D5 /* Utils */,
				02C24016239A6F0700518764 /* Info.plist */,
			);
			name = J2Lib;
			path = Sources/J2Lib;
			sourceTree = "<group>";
		};
		02C2401F239A6F0700518764 /* J2Tests */ = {
			isa = PBXGroup;
			children = (
				02CFF9F823DF158700FDE5B9 /* TestGather.swift */,
				02CFFA2D23E4702700FDE5B9 /* TestGatherDecl.swift */,
				0233D54C23F9B255004DCD89 /* TestGatherObjC.swift */,
				022BD9BA2431FACD00FC34D4 /* TestGatherImport.swift */,
				02FDC67D23E89E8300C2F9CD /* TestMarkdown.swift */,
				02CFFA1E23E20E7500FDE5B9 /* TestMerge.swift */,
				0259E1962416A674006435A1 /* TestAcl.swift */,
				0233D53023EF4047004DCD89 /* TestGroup.swift */,
				0233D53223EF43A7004DCD89 /* TestFormat.swift */,
				02CFFA2423E2244C00FDE5B9 /* TestTheme.swift */,
				02CFFA2923E30F9E00FDE5B9 /* TestGen.swift */,
				0257281023DB7E5E0001F510 /* TestPipeline.swift */,
				0259E1922416444F006435A1 /* TestStats.swift */,
				0233D54623F5ED95004DCD89 /* TestProducts.swift */,
				029A717A23D9B2AC00D66069 /* TestConfig.swift */,
				022818C023D23DFE0016B0D5 /* TestOptions.swift */,
				022818C623D342D50016B0D5 /* TestRegex.swift */,
				022818CB23D39B270016B0D5 /* TestPrefixMatcher.swift */,
				022818D223D4F7CB0016B0D5 /* TestGlob.swift */,
				029A717823D9A46300D66069 /* TestLogger.swift */,
				02CFF9FD23E0A9D100FDE5B9 /* TestResources.swift */,
				0233D52523EF11F6004DCD89 /* TestIdentifiers.swift */,
				022818CD23D4E89D0016B0D5 /* TestHelpers.swift */,
				02CFF93F23DF0D4300FDE5B9 /* Fixtures */,
				02C24022239A6F0700518764 /* Info.plist */,
			);
			name = J2Tests;
			path = Tests/J2Tests;
			sourceTree = "<group>";
		};
		02C24033239A732200518764 /* J2CLI */ = {
			isa = PBXGroup;
			children = (
				02C24034239A732200518764 /* main.swift */,
			);
			name = J2CLI;
			path = Sources/J2CLI;
			sourceTree = "<group>";
		};
		02CFF92123DDFE1400FDE5B9 /* Gather */ = {
			isa = PBXGroup;
			children = (
				02CFF92223DDFE3000FDE5B9 /* Gather.swift */,
				02CFF92623DE009900FDE5B9 /* GatherOpts.swift */,
				0259E18A24111099006435A1 /* GatherJobOpts.swift */,
				02CFF92823DE044200FDE5B9 /* GatherJob.swift */,
				0259E18C2413C0A7006435A1 /* GatherJobSwift.swift */,
				0259E18E2413C12A006435A1 /* GatherJobObjC.swift */,
				022BD9B82431F56400FC34D4 /* GatherJobImport.swift */,
				02CFF92423DDFFC900FDE5B9 /* GatherDef.swift */,
				02CFFA2B23E45F4F00FDE5B9 /* GatherSwiftDecl.swift */,
				028321D623FB1F4F00B2C555 /* GatherObjCDecl.swift */,
				02CFFA4523E75DF500FDE5B9 /* GatherDeclPieces.swift */,
				02CFFA3D23E5A95B00FDE5B9 /* GatherDeclAvailable.swift */,
				02FDC67B23E879E700C2F9CD /* GatherMarkdown.swift */,
				02FDC68523E9EEE900C2F9CD /* GatherLocalize.swift */,
				02CFF92A23DEF49400FDE5B9 /* GatherJSON.swift */,
				02D00C7F2406D74700DD93C5 /* GatherSourceKitten.swift */,
			);
			path = Gather;
			sourceTree = "<group>";
		};
		02CFF93F23DF0D4300FDE5B9 /* Fixtures */ = {
			isa = PBXGroup;
			children = (
				02CFF94023DF0D4300FDE5B9 /* SpmSwiftPackage */,
				02CFF9EB23DF0D4300FDE5B9 /* XcodeSwiftModule */,
			);
			path = Fixtures;
			sourceTree = "<group>";
		};
		02CFF94023DF0D4300FDE5B9 /* SpmSwiftPackage */ = {
			isa = PBXGroup;
			children = (
				02CFF9F523DF0EB100FDE5B9 /* Empty.swift */,
				02CFF9F623DF0EB100FDE5B9 /* SpmSwiftModule.swift */,
				02FDC68723EAEB9F00C2F9CD /* Localizable.swift */,
			);
			path = SpmSwiftPackage;
			sourceTree = "<group>";
		};
		02CFF9EB23DF0D4300FDE5B9 /* XcodeSwiftModule */ = {
			isa = PBXGroup;
			children = (
				02CFF9EC23DF0D4300FDE5B9 /* XcodeSwiftModule.swift */,
			);
			path = XcodeSwiftModule;
			sourceTree = "<group>";
		};
		02CFF9FF23E0B94800FDE5B9 /* Merge */ = {
			isa = PBXGroup;
			children = (
				02CFFA0023E0B95F00FDE5B9 /* Merge.swift */,
				02D00C852407EEC100DD93C5 /* MergeImport.swift */,
				02D00C87240940B600DD93C5 /* MergeDefinitions.swift */,
				02D00C8924096E8A00DD93C5 /* MergeFilter.swift */,
			);
			path = Merge;
			sourceTree = "<group>";
		};
		02CFFA0223E0BA0F00FDE5B9 /* Model */ = {
			isa = PBXGroup;
			children = (
				02CFFA0323E0BA2900FDE5B9 /* Item.swift */,
				0233D54223F42682004DCD89 /* Topic.swift */,
				0233D52E23EF2CCD004DCD89 /* ItemKind.swift */,
				0233D52A23EF1598004DCD89 /* ItemVisitorProtocol.swift */,
				0233D51C23EED547004DCD89 /* GroupItem.swift */,
				0233D53C23F30851004DCD89 /* GuideItem.swift */,
				02FDC68323E9DED600C2F9CD /* DefItem.swift */,
				0225D98F242D1B75005FF4A2 /* DefLocation.swift */,
				02FDC68C23EB498A00C2F9CD /* DefDeclaration.swift */,
				0225D993242D1BE8005FF4A2 /* DefLanguage.swift */,
				0225D991242D1BA8005FF4A2 /* DefDeclNote.swift */,
				0259E1942416686D006435A1 /* DefAcl.swift */,
				02CFFA3F23E5CFF800FDE5B9 /* DefKind.swift */,
				02CFF9652423820A00320610 /* DefTopic.swift */,
				02FDC67923E876D300C2F9CD /* DefDocs.swift */,
				02CFFA0523E0BD8B00FDE5B9 /* DefItemJSON.swift */,
			);
			path = Model;
			sourceTree = "<group>";
		};
		02CFFA0723E0C89600FDE5B9 /* Gen */ = {
			isa = PBXGroup;
			children = (
				0233D53623F07B1A004DCD89 /* GenData.swift */,
				0233D53423F067EE004DCD89 /* GenPages.swift */,
				0233D54A23F70CA6004DCD89 /* GenCopyright.swift */,
				0233D53A23F09E0D004DCD89 /* GenMustache.swift */,
				02CFFA0823E0C8AC00FDE5B9 /* GenSite.swift */,
				02CFFA0F23E1E9A700FDE5B9 /* GenThemes.swift */,
				02EC5B7D242FCB2F00A511B2 /* GenMedia.swift */,
				022BE7B12434AEFD005146D1 /* GenSearch.swift */,
			);
			path = Gen;
			sourceTree = "<group>";
		};
		02D064F223EC206F00FE11BD /* Group */ = {
			isa = PBXGroup;
			children = (
				02D064F323EC208200FE11BD /* Group.swift */,
				02CFF96A2427879400320610 /* GroupCustom.swift */,
				02CFF96324237E4400320610 /* GroupTopics.swift */,
				0233D53E23F30EDB004DCD89 /* GroupGuides.swift */,
			);
			path = Group;
			sourceTree = "<group>";
		};
		02F2B3C7239A804100397BC6 /* Frameworks */ = {
			isa = PBXGroup;
			children = (
				02CFF9672424CD4900320610 /* SortedArray.framework */,
				02CFFA4923E8460700FDE5B9 /* libcmark_gfm.framework */,
				02CFFA4723E8460400FDE5B9 /* Maaku.framework */,
				02CFFA3A23E4B1F100FDE5B9 /* _CSwiftSyntax.framework */,
				02CFFA3723E4B1EE00FDE5B9 /* SwiftSyntax.framework */,
				02CFFA0C23E1973300FDE5B9 /* Mustache.framework */,
				02CFF90E23DDF9E400FDE5B9 /* SWXMLHash.framework */,
				02CFF90A23DDF9DF00FDE5B9 /* SourceKittenFramework.framework */,
				022818D623D61E740016B0D5 /* Yams.framework */,
			);
			name = Frameworks;
			sourceTree = "<group>";
		};
/* End PBXGroup section */

/* Begin PBXHeadersBuildPhase section */
		02C2400D239A6F0700518764 /* Headers */ = {
			isa = PBXHeadersBuildPhase;
			buildActionMask = 2147483647;
			files = (
			);
			runOnlyForDeploymentPostprocessing = 0;
		};
/* End PBXHeadersBuildPhase section */

/* Begin PBXNativeTarget section */
		029A718323DB04F300D66069 /* J2Resources */ = {
			isa = PBXNativeTarget;
			buildConfigurationList = 029A718923DB050100D66069 /* Build configuration list for PBXNativeTarget "J2Resources" */;
			buildPhases = (
				029A718023DB04F300D66069 /* Sources */,
				029A718123DB04F300D66069 /* Frameworks */,
				029A718223DB04F300D66069 /* Resources */,
			);
			buildRules = (
			);
			dependencies = (
			);
			name = J2Resources;
			productName = J2LibResources;
			productReference = 029A718423DB04F300D66069 /* J2Resources.bundle */;
			productType = "com.apple.product-type.bundle";
		};
		02C24011239A6F0700518764 /* J2Lib */ = {
			isa = PBXNativeTarget;
			buildConfigurationList = 02C24026239A6F0700518764 /* Build configuration list for PBXNativeTarget "J2Lib" */;
			buildPhases = (
				02C2400D239A6F0700518764 /* Headers */,
				02C2400E239A6F0700518764 /* Sources */,
				02C2400F239A6F0700518764 /* Frameworks */,
				02C24010239A6F0700518764 /* Resources */,
				0257280F23DB540C0001F510 /* Embed PlugIns */,
				02CFF91923DDFB0100FDE5B9 /* Embed Frameworks */,
			);
			buildRules = (
			);
			dependencies = (
				0257280E23DB540C0001F510 /* PBXTargetDependency */,
			);
			name = J2Lib;
			productName = J2;
			productReference = 02C24012239A6F0700518764 /* J2Lib.framework */;
			productType = "com.apple.product-type.framework";
		};
		02C2401A239A6F0700518764 /* J2Tests */ = {
			isa = PBXNativeTarget;
			buildConfigurationList = 02C24029239A6F0700518764 /* Build configuration list for PBXNativeTarget "J2Tests" */;
			buildPhases = (
				02C24017239A6F0700518764 /* Sources */,
				02C24018239A6F0700518764 /* Frameworks */,
				02C24019239A6F0700518764 /* Resources */,
				02F2B3AE239A7CA400397BC6 /* CopyFiles */,
			);
			buildRules = (
			);
			dependencies = (
				02C2403C239A740900518764 /* PBXTargetDependency */,
			);
			name = J2Tests;
			productName = J2Tests;
			productReference = 02C2401B239A6F0700518764 /* J2Tests.xctest */;
			productType = "com.apple.product-type.bundle.unit-test";
		};
		02F2B3B3239A7E0C00397BC6 /* J2CLI */ = {
			isa = PBXNativeTarget;
			buildConfigurationList = 02F2B3C1239A7E0D00397BC6 /* Build configuration list for PBXNativeTarget "J2CLI" */;
			buildPhases = (
				02F2B3B0239A7E0C00397BC6 /* Sources */,
				02F2B3B1239A7E0C00397BC6 /* Frameworks */,
				02F2B3B2239A7E0C00397BC6 /* Resources */,
				02CFF92023DDFB7200FDE5B9 /* Embed Frameworks */,
			);
			buildRules = (
			);
			dependencies = (
				02F2B3CB239A804100397BC6 /* PBXTargetDependency */,
			);
			name = J2CLI;
			productName = J2CLI;
			productReference = 02F2B3B4239A7E0C00397BC6 /* J2CLI.app */;
			productType = "com.apple.product-type.application";
		};
/* End PBXNativeTarget section */

/* Begin PBXProject section */
		02C24009239A6F0700518764 /* Project object */ = {
			isa = PBXProject;
			attributes = {
				LastSwiftUpdateCheck = 1120;
				LastUpgradeCheck = 1130;
				ORGANIZATIONNAME = "Too Many Ladybirds";
				TargetAttributes = {
					029A718323DB04F300D66069 = {
						CreatedOnToolsVersion = 11.3.1;
					};
					02C24011239A6F0700518764 = {
						CreatedOnToolsVersion = 11.2.1;
						LastSwiftMigration = 1120;
					};
					02C2401A239A6F0700518764 = {
						CreatedOnToolsVersion = 11.2.1;
					};
					02F2B3B3239A7E0C00397BC6 = {
						CreatedOnToolsVersion = 11.2.1;
					};
				};
			};
			buildConfigurationList = 02C2400C239A6F0700518764 /* Build configuration list for PBXProject "J2" */;
			compatibilityVersion = "Xcode 11.0";
			developmentRegion = en;
			hasScannedForEncodings = 0;
			knownRegions = (
				en,
				qq,
			);
			mainGroup = 02C24008239A6F0700518764;
			productRefGroup = 02C24013239A6F0700518764 /* Products */;
			projectDirPath = "";
			projectRoot = "";
			targets = (
				02C24011239A6F0700518764 /* J2Lib */,
				02C2401A239A6F0700518764 /* J2Tests */,
				02F2B3B3239A7E0C00397BC6 /* J2CLI */,
				029A718323DB04F300D66069 /* J2Resources */,
			);
		};
/* End PBXProject section */

/* Begin PBXResourcesBuildPhase section */
		029A718223DB04F300D66069 /* Resources */ = {
			isa = PBXResourcesBuildPhase;
			buildActionMask = 2147483647;
			files = (
				02CFFA1D23E20AB400FDE5B9 /* themes in Resources */,
				02FDC68B23EB2A7300C2F9CD /* Output.strings in Resources */,
				0257280023DB50270001F510 /* Localizable.strings in Resources */,
				0257280523DB503C0001F510 /* Localizable.strings in Resources */,
				0257281423DC78820001F510 /* Help.strings in Resources */,
			);
			runOnlyForDeploymentPostprocessing = 0;
		};
		02C24010239A6F0700518764 /* Resources */ = {
			isa = PBXResourcesBuildPhase;
			buildActionMask = 2147483647;
			files = (
			);
			runOnlyForDeploymentPostprocessing = 0;
		};
		02C24019239A6F0700518764 /* Resources */ = {
			isa = PBXResourcesBuildPhase;
			buildActionMask = 2147483647;
			files = (
			);
			runOnlyForDeploymentPostprocessing = 0;
		};
		02F2B3B2239A7E0C00397BC6 /* Resources */ = {
			isa = PBXResourcesBuildPhase;
			buildActionMask = 2147483647;
			files = (
			);
			runOnlyForDeploymentPostprocessing = 0;
		};
/* End PBXResourcesBuildPhase section */

/* Begin PBXSourcesBuildPhase section */
		029A718023DB04F300D66069 /* Sources */ = {
			isa = PBXSourcesBuildPhase;
			buildActionMask = 2147483647;
			files = (
			);
			runOnlyForDeploymentPostprocessing = 0;
		};
		02C2400E239A6F0700518764 /* Sources */ = {
			isa = PBXSourcesBuildPhase;
			buildActionMask = 2147483647;
			files = (
				02CFFA2C23E45F4F00FDE5B9 /* GatherSwiftDecl.swift in Sources */,
				0259E18D2413C0A7006435A1 /* GatherJobSwift.swift in Sources */,
				0233D54123F344F3004DCD89 /* Localized.swift in Sources */,
				02CFF92B23DEF49400FDE5B9 /* GatherJSON.swift in Sources */,
				0233D52923EF1582004DCD89 /* Format.swift in Sources */,
				02FDC68023E8B25100C2F9CD /* Localization.swift in Sources */,
				0259E1952416686D006435A1 /* DefAcl.swift in Sources */,
				0259E19A241A5902006435A1 /* FormatAutolink.swift in Sources */,
				02D00C802406D74700DD93C5 /* GatherSourceKitten.swift in Sources */,
				0233D53723F07B1A004DCD89 /* GenData.swift in Sources */,
				022818D123D4F2AE0016B0D5 /* Glob.swift in Sources */,
				0233D53D23F30851004DCD89 /* GuideItem.swift in Sources */,
				0259E1912414F5A5006435A1 /* Stats.swift in Sources */,
				0259E18F2413C12A006435A1 /* GatherJobObjC.swift in Sources */,
				022BE7B22434AEFD005146D1 /* GenSearch.swift in Sources */,
				0225D990242D1B75005FF4A2 /* DefLocation.swift in Sources */,
				02CFFA0623E0BD8B00FDE5B9 /* DefItemJSON.swift in Sources */,
				022BD9B92431F56400FC34D4 /* GatherJobImport.swift in Sources */,
				02FDC68D23EB498A00C2F9CD /* DefDeclaration.swift in Sources */,
				022818C523D33C2B0016B0D5 /* Regex.swift in Sources */,
				0233D53F23F30EDB004DCD89 /* GroupGuides.swift in Sources */,
				02CFFA0123E0B95F00FDE5B9 /* Merge.swift in Sources */,
				02CFF92723DE009900FDE5B9 /* GatherOpts.swift in Sources */,
				02CFFA1023E1E9A700FDE5B9 /* GenThemes.swift in Sources */,
				02CFFA0423E0BA2900FDE5B9 /* Item.swift in Sources */,
				0225D994242D1BE8005FF4A2 /* DefLanguage.swift in Sources */,
				02CFF96424237E4400320610 /* GroupTopics.swift in Sources */,
				028321D723FB1F4F00B2C555 /* GatherObjCDecl.swift in Sources */,
				022BD9B624310B6000FC34D4 /* FormatLinkRewriter.swift in Sources */,
				02FDC68223E997D700C2F9CD /* Markdown.swift in Sources */,
				022818BF23D238F30016B0D5 /* Errors.swift in Sources */,
				0233D54523F432A3004DCD89 /* RichText.swift in Sources */,
				0233D52F23EF2CCD004DCD89 /* ItemKind.swift in Sources */,
				02FDC68423E9DED600C2F9CD /* DefItem.swift in Sources */,
				02CFF92523DDFFC900FDE5B9 /* GatherDef.swift in Sources */,
				0233D52D23EF2997004DCD89 /* FormatURL.swift in Sources */,
				02D00C822407D70800DD93C5 /* FormatDeclaration.swift in Sources */,
				02D00C862407EEC100DD93C5 /* MergeImport.swift in Sources */,
				02D00C88240940B600DD93C5 /* MergeDefinitions.swift in Sources */,
				0233D51D23EED547004DCD89 /* GroupItem.swift in Sources */,
				0233D53923F07E6E004DCD89 /* JSON.swift in Sources */,
				02CFFA4023E5CFF800FDE5B9 /* DefKind.swift in Sources */,
				0233D52B23EF1598004DCD89 /* ItemVisitorProtocol.swift in Sources */,
				0259E19C241D74CD006435A1 /* FormatAbstracts.swift in Sources */,
				02CFFA4623E75DF500FDE5B9 /* GatherDeclPieces.swift in Sources */,
				02FDC67A23E876D300C2F9CD /* DefDocs.swift in Sources */,
				02FDC68623E9EEE900C2F9CD /* GatherLocalize.swift in Sources */,
				029A6F1923D77F7C00D66069 /* Config.swift in Sources */,
				028321F92403F40200B2C555 /* Exec.swift in Sources */,
				029A6F1F23D880F700D66069 /* Logger.swift in Sources */,
				02FDC67C23E879E700C2F9CD /* GatherMarkdown.swift in Sources */,
				029A717F23D9F91200D66069 /* FileManager.swift in Sources */,
				02CFF92323DDFE3000FDE5B9 /* Gather.swift in Sources */,
				0233D54323F42682004DCD89 /* Topic.swift in Sources */,
				0233D52423EF0CC3004DCD89 /* Identifiers.swift in Sources */,
				02EC5B7E242FCB2F00A511B2 /* GenMedia.swift in Sources */,
				022818CA23D38A0A0016B0D5 /* PrefixMatcher.swift in Sources */,
				02FDC68F23EB4C1B00C2F9CD /* Lock.swift in Sources */,
				02D064F423EC208200FE11BD /* Group.swift in Sources */,
				0233D54B23F70CA6004DCD89 /* GenCopyright.swift in Sources */,
				02CFFA3E23E5A95B00FDE5B9 /* GatherDeclAvailable.swift in Sources */,
				0225D992242D1BA8005FF4A2 /* DefDeclNote.swift in Sources */,
				02CFFA0923E0C8AC00FDE5B9 /* GenSite.swift in Sources */,
				022818B823D1C2E00016B0D5 /* Options.swift in Sources */,
				0259E18B24111099006435A1 /* GatherJobOpts.swift in Sources */,
				0257280723DB50B40001F510 /* Resources.swift in Sources */,
				0233D53B23F09E0D004DCD89 /* GenMustache.swift in Sources */,
				0233D54923F6F2ED004DCD89 /* FormatMarkdown.swift in Sources */,
				0233D53523F067EE004DCD89 /* GenPages.swift in Sources */,
				029A6F1D23D79AB000D66069 /* Version.swift in Sources */,
				02CFF9662423820A00320610 /* DefTopic.swift in Sources */,
				02FDC69123EB617300C2F9CD /* StringEnums.swift in Sources */,
				02CFF96B2427879400320610 /* GroupCustom.swift in Sources */,
				02CFF92923DE044200FDE5B9 /* GatherJob.swift in Sources */,
				029A6F1B23D7838700D66069 /* Pipeline.swift in Sources */,
				02D00C8A24096E8A00DD93C5 /* MergeFilter.swift in Sources */,
			);
			runOnlyForDeploymentPostprocessing = 0;
		};
		02C24017239A6F0700518764 /* Sources */ = {
			isa = PBXSourcesBuildPhase;
			buildActionMask = 2147483647;
			files = (
				02CFFA2E23E4702700FDE5B9 /* TestGatherDecl.swift in Sources */,
				02CFFA1F23E20E7500FDE5B9 /* TestMerge.swift in Sources */,
				022818CC23D39B270016B0D5 /* TestPrefixMatcher.swift in Sources */,
				02CFF9FE23E0A9D100FDE5B9 /* TestResources.swift in Sources */,
				0233D54D23F9B255004DCD89 /* TestGatherObjC.swift in Sources */,
				022818C223D23E050016B0D5 /* TestOptions.swift in Sources */,
				022818C723D342D50016B0D5 /* TestRegex.swift in Sources */,
				0233D52623EF11F6004DCD89 /* TestIdentifiers.swift in Sources */,
				02CFFA2523E2244C00FDE5B9 /* TestTheme.swift in Sources */,
				022BD9BC2431FAD800FC34D4 /* TestGatherImport.swift in Sources */,
				0233D53323EF43A7004DCD89 /* TestFormat.swift in Sources */,
				02FDC67E23E89E8300C2F9CD /* TestMarkdown.swift in Sources */,
				0233D53123EF4047004DCD89 /* TestGroup.swift in Sources */,
				0259E1932416444F006435A1 /* TestStats.swift in Sources */,
				0257281123DB7E5E0001F510 /* TestPipeline.swift in Sources */,
				0259E1982416A693006435A1 /* TestAcl.swift in Sources */,
				029A717923D9A46300D66069 /* TestLogger.swift in Sources */,
				0233D54723F5ED95004DCD89 /* TestProducts.swift in Sources */,
				02CFFA2A23E30F9E00FDE5B9 /* TestGen.swift in Sources */,
				02CFF9F923DF158700FDE5B9 /* TestGather.swift in Sources */,
				022818CE23D4E89D0016B0D5 /* TestHelpers.swift in Sources */,
				022818D323D4F7CB0016B0D5 /* TestGlob.swift in Sources */,
				029A717B23D9B2AC00D66069 /* TestConfig.swift in Sources */,
			);
			runOnlyForDeploymentPostprocessing = 0;
		};
		02F2B3B0239A7E0C00397BC6 /* Sources */ = {
			isa = PBXSourcesBuildPhase;
			buildActionMask = 2147483647;
			files = (
				02F2B3C4239A7E2A00397BC6 /* main.swift in Sources */,
			);
			runOnlyForDeploymentPostprocessing = 0;
		};
/* End PBXSourcesBuildPhase section */

/* Begin PBXTargetDependency section */
		0257280E23DB540C0001F510 /* PBXTargetDependency */ = {
			isa = PBXTargetDependency;
			target = 029A718323DB04F300D66069 /* J2Resources */;
			targetProxy = 0257280D23DB540C0001F510 /* PBXContainerItemProxy */;
		};
		02C2403C239A740900518764 /* PBXTargetDependency */ = {
			isa = PBXTargetDependency;
			target = 02C24011239A6F0700518764 /* J2Lib */;
			targetProxy = 02C2403B239A740900518764 /* PBXContainerItemProxy */;
		};
		02F2B3CB239A804100397BC6 /* PBXTargetDependency */ = {
			isa = PBXTargetDependency;
			target = 02C24011239A6F0700518764 /* J2Lib */;
			targetProxy = 02F2B3CA239A804100397BC6 /* PBXContainerItemProxy */;
		};
/* End PBXTargetDependency section */

/* Begin PBXVariantGroup section */
		025727FE23DB50270001F510 /* Localizable.strings */ = {
			isa = PBXVariantGroup;
			children = (
				025727FF23DB50270001F510 /* en */,
			);
			name = Localizable.strings;
			sourceTree = "<group>";
		};
		0257280223DB503C0001F510 /* Localizable.strings */ = {
			isa = PBXVariantGroup;
			children = (
				0257280323DB503C0001F510 /* fr */,
			);
			name = Localizable.strings;
			sourceTree = "<group>";
		};
		0257281223DC78820001F510 /* Help.strings */ = {
			isa = PBXVariantGroup;
			children = (
				0257281323DC78820001F510 /* en */,
			);
			name = Help.strings;
			sourceTree = "<group>";
		};
		02FDC68923EB2A7300C2F9CD /* Output.strings */ = {
			isa = PBXVariantGroup;
			children = (
				02FDC68A23EB2A7300C2F9CD /* en */,
			);
			name = Output.strings;
			sourceTree = "<group>";
		};
/* End PBXVariantGroup section */

/* Begin XCBuildConfiguration section */
		029A718723DB04F300D66069 /* Debug */ = {
			isa = XCBuildConfiguration;
			buildSettings = {
				CODE_SIGN_IDENTITY = "-";
				CODE_SIGN_STYLE = Automatic;
				COMBINE_HIDPI_IMAGES = YES;
				INFOPLIST_FILE = Resources/Info.plist;
				INSTALL_PATH = "$(LOCAL_LIBRARY_DIR)/Bundles";
				MACOSX_DEPLOYMENT_TARGET = 10.15;
				PRODUCT_BUNDLE_IDENTIFIER = j2.J2Resources;
				PRODUCT_NAME = "$(TARGET_NAME)";
				SKIP_INSTALL = YES;
				WRAPPER_EXTENSION = bundle;
			};
			name = Debug;
		};
		029A718823DB04F300D66069 /* Release */ = {
			isa = XCBuildConfiguration;
			buildSettings = {
				CODE_SIGN_IDENTITY = "-";
				CODE_SIGN_STYLE = Automatic;
				COMBINE_HIDPI_IMAGES = YES;
				INFOPLIST_FILE = Resources/Info.plist;
				INSTALL_PATH = "$(LOCAL_LIBRARY_DIR)/Bundles";
				MACOSX_DEPLOYMENT_TARGET = 10.15;
				PRODUCT_BUNDLE_IDENTIFIER = j2.J2Resources;
				PRODUCT_NAME = "$(TARGET_NAME)";
				SKIP_INSTALL = YES;
				WRAPPER_EXTENSION = bundle;
			};
			name = Release;
		};
		02C24024239A6F0700518764 /* Debug */ = {
			isa = XCBuildConfiguration;
			buildSettings = {
				ALWAYS_SEARCH_USER_PATHS = NO;
				CLANG_ANALYZER_NONNULL = YES;
				CLANG_ANALYZER_NUMBER_OBJECT_CONVERSION = YES_AGGRESSIVE;
				CLANG_CXX_LANGUAGE_STANDARD = "gnu++14";
				CLANG_CXX_LIBRARY = "libc++";
				CLANG_ENABLE_MODULES = YES;
				CLANG_ENABLE_OBJC_ARC = YES;
				CLANG_ENABLE_OBJC_WEAK = YES;
				CLANG_WARN_BLOCK_CAPTURE_AUTORELEASING = YES;
				CLANG_WARN_BOOL_CONVERSION = YES;
				CLANG_WARN_COMMA = YES;
				CLANG_WARN_CONSTANT_CONVERSION = YES;
				CLANG_WARN_DEPRECATED_OBJC_IMPLEMENTATIONS = YES;
				CLANG_WARN_DIRECT_OBJC_ISA_USAGE = YES_ERROR;
				CLANG_WARN_DOCUMENTATION_COMMENTS = YES;
				CLANG_WARN_EMPTY_BODY = YES;
				CLANG_WARN_ENUM_CONVERSION = YES;
				CLANG_WARN_INFINITE_RECURSION = YES;
				CLANG_WARN_INT_CONVERSION = YES;
				CLANG_WARN_NON_LITERAL_NULL_CONVERSION = YES;
				CLANG_WARN_OBJC_IMPLICIT_RETAIN_SELF = YES;
				CLANG_WARN_OBJC_LITERAL_CONVERSION = YES;
				CLANG_WARN_OBJC_ROOT_CLASS = YES_ERROR;
				CLANG_WARN_RANGE_LOOP_ANALYSIS = YES;
				CLANG_WARN_STRICT_PROTOTYPES = YES;
				CLANG_WARN_SUSPICIOUS_MOVE = YES;
				CLANG_WARN_UNGUARDED_AVAILABILITY = YES_AGGRESSIVE;
				CLANG_WARN_UNREACHABLE_CODE = YES;
				CLANG_WARN__DUPLICATE_METHOD_MATCH = YES;
				COPY_PHASE_STRIP = NO;
				CURRENT_PROJECT_VERSION = 1;
				DEBUG_INFORMATION_FORMAT = dwarf;
				ENABLE_STRICT_OBJC_MSGSEND = YES;
				ENABLE_TESTABILITY = YES;
				GCC_C_LANGUAGE_STANDARD = gnu11;
				GCC_DYNAMIC_NO_PIC = NO;
				GCC_NO_COMMON_BLOCKS = YES;
				GCC_OPTIMIZATION_LEVEL = 0;
				GCC_PREPROCESSOR_DEFINITIONS = (
					"DEBUG=1",
					"$(inherited)",
				);
				GCC_WARN_64_TO_32_BIT_CONVERSION = YES;
				GCC_WARN_ABOUT_RETURN_TYPE = YES_ERROR;
				GCC_WARN_UNDECLARED_SELECTOR = YES;
				GCC_WARN_UNINITIALIZED_AUTOS = YES_AGGRESSIVE;
				GCC_WARN_UNUSED_FUNCTION = YES;
				GCC_WARN_UNUSED_VARIABLE = YES;
				MACOSX_DEPLOYMENT_TARGET = 10.14;
				MTL_ENABLE_DEBUG_INFO = INCLUDE_SOURCE;
				MTL_FAST_MATH = YES;
				ONLY_ACTIVE_ARCH = YES;
				SDKROOT = macosx;
				SWIFT_ACTIVE_COMPILATION_CONDITIONS = DEBUG;
				SWIFT_OPTIMIZATION_LEVEL = "-Onone";
				VERSIONING_SYSTEM = "apple-generic";
				VERSION_INFO_PREFIX = "";
			};
			name = Debug;
		};
		02C24025239A6F0700518764 /* Release */ = {
			isa = XCBuildConfiguration;
			buildSettings = {
				ALWAYS_SEARCH_USER_PATHS = NO;
				CLANG_ANALYZER_NONNULL = YES;
				CLANG_ANALYZER_NUMBER_OBJECT_CONVERSION = YES_AGGRESSIVE;
				CLANG_CXX_LANGUAGE_STANDARD = "gnu++14";
				CLANG_CXX_LIBRARY = "libc++";
				CLANG_ENABLE_MODULES = YES;
				CLANG_ENABLE_OBJC_ARC = YES;
				CLANG_ENABLE_OBJC_WEAK = YES;
				CLANG_WARN_BLOCK_CAPTURE_AUTORELEASING = YES;
				CLANG_WARN_BOOL_CONVERSION = YES;
				CLANG_WARN_COMMA = YES;
				CLANG_WARN_CONSTANT_CONVERSION = YES;
				CLANG_WARN_DEPRECATED_OBJC_IMPLEMENTATIONS = YES;
				CLANG_WARN_DIRECT_OBJC_ISA_USAGE = YES_ERROR;
				CLANG_WARN_DOCUMENTATION_COMMENTS = YES;
				CLANG_WARN_EMPTY_BODY = YES;
				CLANG_WARN_ENUM_CONVERSION = YES;
				CLANG_WARN_INFINITE_RECURSION = YES;
				CLANG_WARN_INT_CONVERSION = YES;
				CLANG_WARN_NON_LITERAL_NULL_CONVERSION = YES;
				CLANG_WARN_OBJC_IMPLICIT_RETAIN_SELF = YES;
				CLANG_WARN_OBJC_LITERAL_CONVERSION = YES;
				CLANG_WARN_OBJC_ROOT_CLASS = YES_ERROR;
				CLANG_WARN_RANGE_LOOP_ANALYSIS = YES;
				CLANG_WARN_STRICT_PROTOTYPES = YES;
				CLANG_WARN_SUSPICIOUS_MOVE = YES;
				CLANG_WARN_UNGUARDED_AVAILABILITY = YES_AGGRESSIVE;
				CLANG_WARN_UNREACHABLE_CODE = YES;
				CLANG_WARN__DUPLICATE_METHOD_MATCH = YES;
				COPY_PHASE_STRIP = NO;
				CURRENT_PROJECT_VERSION = 1;
				DEBUG_INFORMATION_FORMAT = "dwarf-with-dsym";
				ENABLE_NS_ASSERTIONS = NO;
				ENABLE_STRICT_OBJC_MSGSEND = YES;
				GCC_C_LANGUAGE_STANDARD = gnu11;
				GCC_NO_COMMON_BLOCKS = YES;
				GCC_WARN_64_TO_32_BIT_CONVERSION = YES;
				GCC_WARN_ABOUT_RETURN_TYPE = YES_ERROR;
				GCC_WARN_UNDECLARED_SELECTOR = YES;
				GCC_WARN_UNINITIALIZED_AUTOS = YES_AGGRESSIVE;
				GCC_WARN_UNUSED_FUNCTION = YES;
				GCC_WARN_UNUSED_VARIABLE = YES;
				MACOSX_DEPLOYMENT_TARGET = 10.14;
				MTL_ENABLE_DEBUG_INFO = NO;
				MTL_FAST_MATH = YES;
				SDKROOT = macosx;
				SWIFT_COMPILATION_MODE = wholemodule;
				SWIFT_OPTIMIZATION_LEVEL = "-O";
				VERSIONING_SYSTEM = "apple-generic";
				VERSION_INFO_PREFIX = "";
			};
			name = Release;
		};
		02C24027239A6F0700518764 /* Debug */ = {
			isa = XCBuildConfiguration;
			buildSettings = {
				CLANG_ENABLE_MODULES = YES;
				CODE_SIGN_STYLE = Automatic;
				COMBINE_HIDPI_IMAGES = YES;
				DEFINES_MODULE = YES;
				DEVELOPMENT_TEAM = "";
				DYLIB_COMPATIBILITY_VERSION = 1;
				DYLIB_CURRENT_VERSION = 1;
				DYLIB_INSTALL_NAME_BASE = "@rpath";
				FRAMEWORK_SEARCH_PATHS = (
					"$(inherited)",
					"$(PROJECT_DIR)/Carthage/Build/Mac",
					"$(PROJECT_DIR)/Syntax",
				);
				INFOPLIST_FILE = Sources/J2Lib/Info.plist;
				INSTALL_PATH = "$(LOCAL_LIBRARY_DIR)/Frameworks";
				LD_RUNPATH_SEARCH_PATHS = (
					"$(inherited)",
					"@executable_path/../Frameworks",
					"@loader_path/Frameworks",
				);
				PRODUCT_BUNDLE_IDENTIFIER = j2.J2;
				PRODUCT_NAME = "$(TARGET_NAME:c99extidentifier)";
				SKIP_INSTALL = YES;
				SWIFT_OPTIMIZATION_LEVEL = "-Onone";
				SWIFT_VERSION = 5.0;
			};
			name = Debug;
		};
		02C24028239A6F0700518764 /* Release */ = {
			isa = XCBuildConfiguration;
			buildSettings = {
				CLANG_ENABLE_MODULES = YES;
				CODE_SIGN_STYLE = Automatic;
				COMBINE_HIDPI_IMAGES = YES;
				DEFINES_MODULE = YES;
				DEVELOPMENT_TEAM = "";
				DYLIB_COMPATIBILITY_VERSION = 1;
				DYLIB_CURRENT_VERSION = 1;
				DYLIB_INSTALL_NAME_BASE = "@rpath";
				FRAMEWORK_SEARCH_PATHS = (
					"$(inherited)",
					"$(PROJECT_DIR)/Carthage/Build/Mac",
					"$(PROJECT_DIR)/Syntax",
				);
				INFOPLIST_FILE = Sources/J2Lib/Info.plist;
				INSTALL_PATH = "$(LOCAL_LIBRARY_DIR)/Frameworks";
				LD_RUNPATH_SEARCH_PATHS = (
					"$(inherited)",
					"@executable_path/../Frameworks",
					"@loader_path/Frameworks",
				);
				PRODUCT_BUNDLE_IDENTIFIER = j2.J2;
				PRODUCT_NAME = "$(TARGET_NAME:c99extidentifier)";
				SKIP_INSTALL = YES;
				SWIFT_VERSION = 5.0;
			};
			name = Release;
		};
		02C2402A239A6F0700518764 /* Debug */ = {
			isa = XCBuildConfiguration;
			buildSettings = {
				ALWAYS_EMBED_SWIFT_STANDARD_LIBRARIES = YES;
				CODE_SIGN_STYLE = Automatic;
				COMBINE_HIDPI_IMAGES = YES;
				DEVELOPMENT_TEAM = "";
				FRAMEWORK_SEARCH_PATHS = (
					"$(inherited)",
					"$(PROJECT_DIR)/Carthage/Build/Mac",
					"$(PROJECT_DIR)/Syntax",
				);
				INFOPLIST_FILE = Tests/J2Tests/Info.plist;
				LD_RUNPATH_SEARCH_PATHS = (
					"$(inherited)",
					"@executable_path/../Frameworks",
					"@loader_path/../Frameworks",
				);
				PRODUCT_BUNDLE_IDENTIFIER = tml.J2Tests;
				PRODUCT_NAME = "$(TARGET_NAME)";
				SWIFT_VERSION = 5.0;
			};
			name = Debug;
		};
		02C2402B239A6F0700518764 /* Release */ = {
			isa = XCBuildConfiguration;
			buildSettings = {
				ALWAYS_EMBED_SWIFT_STANDARD_LIBRARIES = YES;
				CODE_SIGN_STYLE = Automatic;
				COMBINE_HIDPI_IMAGES = YES;
				DEVELOPMENT_TEAM = "";
				FRAMEWORK_SEARCH_PATHS = (
					"$(inherited)",
					"$(PROJECT_DIR)/Carthage/Build/Mac",
					"$(PROJECT_DIR)/Syntax",
				);
				INFOPLIST_FILE = Tests/J2Tests/Info.plist;
				LD_RUNPATH_SEARCH_PATHS = (
					"$(inherited)",
					"@executable_path/../Frameworks",
					"@loader_path/../Frameworks",
				);
				PRODUCT_BUNDLE_IDENTIFIER = tml.J2Tests;
				PRODUCT_NAME = "$(TARGET_NAME)";
				SWIFT_VERSION = 5.0;
			};
			name = Release;
		};
		02F2B3C2239A7E0D00397BC6 /* Debug */ = {
			isa = XCBuildConfiguration;
			buildSettings = {
				CODE_SIGN_ENTITLEMENTS = "";
				CODE_SIGN_IDENTITY = "-";
				CODE_SIGN_STYLE = Manual;
				COMBINE_HIDPI_IMAGES = YES;
				DEVELOPMENT_TEAM = "";
				ENABLE_HARDENED_RUNTIME = NO;
				FRAMEWORK_SEARCH_PATHS = (
					"$(inherited)",
					"$(PROJECT_DIR)/Carthage/Build/Mac",
				);
				INFOPLIST_FILE = Sources/J2Lib/Info.plist;
				LD_RUNPATH_SEARCH_PATHS = (
					"$(inherited)",
					"@executable_path/../Frameworks",
				);
				MACOSX_DEPLOYMENT_TARGET = 10.14;
				PRODUCT_BUNDLE_IDENTIFIER = j2.J2CLI;
				PRODUCT_NAME = "$(TARGET_NAME)";
				SWIFT_VERSION = 5.0;
			};
			name = Debug;
		};
		02F2B3C3239A7E0D00397BC6 /* Release */ = {
			isa = XCBuildConfiguration;
			buildSettings = {
				CODE_SIGN_ENTITLEMENTS = "";
				CODE_SIGN_IDENTITY = "-";
				CODE_SIGN_STYLE = Manual;
				COMBINE_HIDPI_IMAGES = YES;
				DEVELOPMENT_TEAM = "";
				ENABLE_HARDENED_RUNTIME = NO;
				FRAMEWORK_SEARCH_PATHS = (
					"$(inherited)",
					"$(PROJECT_DIR)/Carthage/Build/Mac",
				);
				INFOPLIST_FILE = Sources/J2Lib/Info.plist;
				LD_RUNPATH_SEARCH_PATHS = (
					"$(inherited)",
					"@executable_path/../Frameworks",
				);
				MACOSX_DEPLOYMENT_TARGET = 10.14;
				PRODUCT_BUNDLE_IDENTIFIER = j2.J2CLI;
				PRODUCT_NAME = "$(TARGET_NAME)";
				SWIFT_VERSION = 5.0;
			};
			name = Release;
		};
/* End XCBuildConfiguration section */

/* Begin XCConfigurationList section */
		029A718923DB050100D66069 /* Build configuration list for PBXNativeTarget "J2Resources" */ = {
			isa = XCConfigurationList;
			buildConfigurations = (
				029A718723DB04F300D66069 /* Debug */,
				029A718823DB04F300D66069 /* Release */,
			);
			defaultConfigurationIsVisible = 0;
			defaultConfigurationName = Release;
		};
		02C2400C239A6F0700518764 /* Build configuration list for PBXProject "J2" */ = {
			isa = XCConfigurationList;
			buildConfigurations = (
				02C24024239A6F0700518764 /* Debug */,
				02C24025239A6F0700518764 /* Release */,
			);
			defaultConfigurationIsVisible = 0;
			defaultConfigurationName = Release;
		};
		02C24026239A6F0700518764 /* Build configuration list for PBXNativeTarget "J2Lib" */ = {
			isa = XCConfigurationList;
			buildConfigurations = (
				02C24027239A6F0700518764 /* Debug */,
				02C24028239A6F0700518764 /* Release */,
			);
			defaultConfigurationIsVisible = 0;
			defaultConfigurationName = Release;
		};
		02C24029239A6F0700518764 /* Build configuration list for PBXNativeTarget "J2Tests" */ = {
			isa = XCConfigurationList;
			buildConfigurations = (
				02C2402A239A6F0700518764 /* Debug */,
				02C2402B239A6F0700518764 /* Release */,
			);
			defaultConfigurationIsVisible = 0;
			defaultConfigurationName = Release;
		};
		02F2B3C1239A7E0D00397BC6 /* Build configuration list for PBXNativeTarget "J2CLI" */ = {
			isa = XCConfigurationList;
			buildConfigurations = (
				02F2B3C2239A7E0D00397BC6 /* Debug */,
				02F2B3C3239A7E0D00397BC6 /* Release */,
			);
			defaultConfigurationIsVisible = 0;
			defaultConfigurationName = Release;
		};
/* End XCConfigurationList section */
	};
	rootObject = 02C24009239A6F0700518764 /* Project object */;
}
